// !$*UTF8*$!
{
	archiveVersion = 1;
	classes = {
	};
	objectVersion = 56;
	objects = {

/* Begin PBXBuildFile section */
		032212A62B14AAFD00FF5CF1 /* AppDelegate.swift in Sources */ = {isa = PBXBuildFile; fileRef = 032212A52B14AAFD00FF5CF1 /* AppDelegate.swift */; };
		032212A82B14AAFD00FF5CF1 /* SceneDelegate.swift in Sources */ = {isa = PBXBuildFile; fileRef = 032212A72B14AAFD00FF5CF1 /* SceneDelegate.swift */; };
		032212AA2B14AAFD00FF5CF1 /* ViewController.swift in Sources */ = {isa = PBXBuildFile; fileRef = 032212A92B14AAFD00FF5CF1 /* ViewController.swift */; };
		032212AF2B14AAFF00FF5CF1 /* Assets.xcassets in Resources */ = {isa = PBXBuildFile; fileRef = 032212AE2B14AAFF00FF5CF1 /* Assets.xcassets */; };
		032212B22B14AAFF00FF5CF1 /* LaunchScreen.storyboard in Resources */ = {isa = PBXBuildFile; fileRef = 032212B02B14AAFF00FF5CF1 /* LaunchScreen.storyboard */; };
		032212BB2B14ACF800FF5CF1 /* SnapKit in Frameworks */ = {isa = PBXBuildFile; productRef = 032212BA2B14ACF800FF5CF1 /* SnapKit */; };
		032212BE2B14AD0400FF5CF1 /* Then in Frameworks */ = {isa = PBXBuildFile; productRef = 032212BD2B14AD0400FF5CF1 /* Then */; };
		032212C12B14AD2E00FF5CF1 /* Kingfisher in Frameworks */ = {isa = PBXBuildFile; productRef = 032212C02B14AD2E00FF5CF1 /* Kingfisher */; };
		032212C42B14AD4900FF5CF1 /* Moya in Frameworks */ = {isa = PBXBuildFile; productRef = 032212C32B14AD4900FF5CF1 /* Moya */; };
		032212C62B14AD4900FF5CF1 /* RxMoya in Frameworks */ = {isa = PBXBuildFile; productRef = 032212C52B14AD4900FF5CF1 /* RxMoya */; };
		032212C92B14AD6800FF5CF1 /* RxCocoa in Frameworks */ = {isa = PBXBuildFile; productRef = 032212C82B14AD6800FF5CF1 /* RxCocoa */; };
		032212CB2B14AD6800FF5CF1 /* RxRelay in Frameworks */ = {isa = PBXBuildFile; productRef = 032212CA2B14AD6800FF5CF1 /* RxRelay */; };
		032212CD2B14AD6800FF5CF1 /* RxSwift in Frameworks */ = {isa = PBXBuildFile; productRef = 032212CC2B14AD6800FF5CF1 /* RxSwift */; };
		032212D02B14AD8200FF5CF1 /* Alamofire in Frameworks */ = {isa = PBXBuildFile; productRef = 032212CF2B14AD8200FF5CF1 /* Alamofire */; };
		032212D32B14AD9000FF5CF1 /* FSCalendar in Frameworks */ = {isa = PBXBuildFile; productRef = 032212D22B14AD9000FF5CF1 /* FSCalendar */; };
		032212D62B14AE4100FF5CF1 /* KakaoSDK in Frameworks */ = {isa = PBXBuildFile; productRef = 032212D52B14AE4100FF5CF1 /* KakaoSDK */; };
		032212D82B14AE4100FF5CF1 /* KakaoSDKAuth in Frameworks */ = {isa = PBXBuildFile; productRef = 032212D72B14AE4100FF5CF1 /* KakaoSDKAuth */; };
		032212DA2B14AE4100FF5CF1 /* KakaoSDKUser in Frameworks */ = {isa = PBXBuildFile; productRef = 032212D92B14AE4100FF5CF1 /* KakaoSDKUser */; };
		032212DD2B14AE7600FF5CF1 /* Lottie in Frameworks */ = {isa = PBXBuildFile; productRef = 032212DC2B14AE7600FF5CF1 /* Lottie */; };
		032212E12B14B01F00FF5CF1 /* DTO.swift in Sources */ = {isa = PBXBuildFile; fileRef = 032212E02B14B01F00FF5CF1 /* DTO.swift */; };
		032212E72B14B07C00FF5CF1 /* GeneralResponse.swift in Sources */ = {isa = PBXBuildFile; fileRef = 032212E62B14B07C00FF5CF1 /* GeneralResponse.swift */; };
/* End PBXBuildFile section */

/* Begin PBXFileReference section */
		032212A22B14AAFD00FF5CF1 /* ShallWe.app */ = {isa = PBXFileReference; explicitFileType = wrapper.application; includeInIndex = 0; path = ShallWe.app; sourceTree = BUILT_PRODUCTS_DIR; };
		032212A52B14AAFD00FF5CF1 /* AppDelegate.swift */ = {isa = PBXFileReference; lastKnownFileType = sourcecode.swift; path = AppDelegate.swift; sourceTree = "<group>"; };
		032212A72B14AAFD00FF5CF1 /* SceneDelegate.swift */ = {isa = PBXFileReference; lastKnownFileType = sourcecode.swift; path = SceneDelegate.swift; sourceTree = "<group>"; };
		032212A92B14AAFD00FF5CF1 /* ViewController.swift */ = {isa = PBXFileReference; lastKnownFileType = sourcecode.swift; path = ViewController.swift; sourceTree = "<group>"; };
		032212AE2B14AAFF00FF5CF1 /* Assets.xcassets */ = {isa = PBXFileReference; lastKnownFileType = folder.assetcatalog; path = Assets.xcassets; sourceTree = "<group>"; };
		032212B12B14AAFF00FF5CF1 /* Base */ = {isa = PBXFileReference; lastKnownFileType = file.storyboard; name = Base; path = Base.lproj/LaunchScreen.storyboard; sourceTree = "<group>"; };
		032212B32B14AAFF00FF5CF1 /* Info.plist */ = {isa = PBXFileReference; lastKnownFileType = text.plist.xml; path = Info.plist; sourceTree = "<group>"; };
		032212E02B14B01F00FF5CF1 /* DTO.swift */ = {isa = PBXFileReference; lastKnownFileType = sourcecode.swift; path = DTO.swift; sourceTree = "<group>"; };
		032212E62B14B07C00FF5CF1 /* GeneralResponse.swift */ = {isa = PBXFileReference; lastKnownFileType = sourcecode.swift; path = GeneralResponse.swift; sourceTree = "<group>"; };
/* End PBXFileReference section */

/* Begin PBXFrameworksBuildPhase section */
		0322129F2B14AAFD00FF5CF1 /* Frameworks */ = {
			isa = PBXFrameworksBuildPhase;
			buildActionMask = 2147483647;
			files = (
				032212D02B14AD8200FF5CF1 /* Alamofire in Frameworks */,
				032212DD2B14AE7600FF5CF1 /* Lottie in Frameworks */,
				032212D62B14AE4100FF5CF1 /* KakaoSDK in Frameworks */,
				032212C92B14AD6800FF5CF1 /* RxCocoa in Frameworks */,
				032212C62B14AD4900FF5CF1 /* RxMoya in Frameworks */,
				032212D32B14AD9000FF5CF1 /* FSCalendar in Frameworks */,
				032212CB2B14AD6800FF5CF1 /* RxRelay in Frameworks */,
				032212C12B14AD2E00FF5CF1 /* Kingfisher in Frameworks */,
				032212BB2B14ACF800FF5CF1 /* SnapKit in Frameworks */,
				032212DA2B14AE4100FF5CF1 /* KakaoSDKUser in Frameworks */,
				032212C42B14AD4900FF5CF1 /* Moya in Frameworks */,
				032212CD2B14AD6800FF5CF1 /* RxSwift in Frameworks */,
				032212BE2B14AD0400FF5CF1 /* Then in Frameworks */,
				032212D82B14AE4100FF5CF1 /* KakaoSDKAuth in Frameworks */,
			);
			runOnlyForDeploymentPostprocessing = 0;
		};
/* End PBXFrameworksBuildPhase section */

/* Begin PBXGroup section */
		032212992B14AAFD00FF5CF1 = {
			isa = PBXGroup;
			children = (
				032212A42B14AAFD00FF5CF1 /* ShallWe */,
				032212A32B14AAFD00FF5CF1 /* Products */,
			);
			sourceTree = "<group>";
		};
		032212A32B14AAFD00FF5CF1 /* Products */ = {
			isa = PBXGroup;
			children = (
				032212A22B14AAFD00FF5CF1 /* ShallWe.app */,
			);
			name = Products;
			sourceTree = "<group>";
		};
		032212A42B14AAFD00FF5CF1 /* ShallWe */ = {
			isa = PBXGroup;
			children = (
				032212DE2B14AFFD00FF5CF1 /* Application */,
				032212DF2B14B00B00FF5CF1 /* Data */,
				032212E22B14B02300FF5CF1 /* Network */,
				032212E82B14B0B200FF5CF1 /* Presentation */,
				032212E92B14B0BD00FF5CF1 /* Global */,
				032212B32B14AAFF00FF5CF1 /* Info.plist */,
			);
			path = ShallWe;
			sourceTree = "<group>";
		};
		032212DE2B14AFFD00FF5CF1 /* Application */ = {
			isa = PBXGroup;
			children = (
				032212A52B14AAFD00FF5CF1 /* AppDelegate.swift */,
				032212A72B14AAFD00FF5CF1 /* SceneDelegate.swift */,
			);
			path = Application;
			sourceTree = "<group>";
		};
		032212DF2B14B00B00FF5CF1 /* Data */ = {
			isa = PBXGroup;
			children = (
				032212E02B14B01F00FF5CF1 /* DTO.swift */,
			);
			path = Data;
			sourceTree = "<group>";
		};
		032212E22B14B02300FF5CF1 /* Network */ = {
			isa = PBXGroup;
			children = (
				032212E32B14B04600FF5CF1 /* API */,
				032212E42B14B04A00FF5CF1 /* Base */,
				032212E52B14B05900FF5CF1 /* Enviornment */,
			);
			path = Network;
			sourceTree = "<group>";
		};
		032212E32B14B04600FF5CF1 /* API */ = {
			isa = PBXGroup;
			children = (
			);
			path = API;
			sourceTree = "<group>";
		};
		032212E42B14B04A00FF5CF1 /* Base */ = {
			isa = PBXGroup;
			children = (
				032212E62B14B07C00FF5CF1 /* GeneralResponse.swift */,
			);
			path = Base;
			sourceTree = "<group>";
		};
		032212E52B14B05900FF5CF1 /* Enviornment */ = {
			isa = PBXGroup;
			children = (
			);
			path = Enviornment;
			sourceTree = "<group>";
		};
		032212E82B14B0B200FF5CF1 /* Presentation */ = {
			isa = PBXGroup;
			children = (
				032212A92B14AAFD00FF5CF1 /* ViewController.swift */,
			);
			path = Presentation;
			sourceTree = "<group>";
		};
		032212E92B14B0BD00FF5CF1 /* Global */ = {
			isa = PBXGroup;
			children = (
				032212EA2B14B0C900FF5CF1 /* Extension */,
				032212EB2B14B0CE00FF5CF1 /* Protocols */,
				032212EC2B14B0D600FF5CF1 /* Resource */,
				032212ED2B14B0E300FF5CF1 /* Utils */,
			);
			path = Global;
			sourceTree = "<group>";
		};
		032212EA2B14B0C900FF5CF1 /* Extension */ = {
			isa = PBXGroup;
			children = (
			);
			path = Extension;
			sourceTree = "<group>";
		};
		032212EB2B14B0CE00FF5CF1 /* Protocols */ = {
			isa = PBXGroup;
			children = (
			);
			path = Protocols;
			sourceTree = "<group>";
		};
		032212EC2B14B0D600FF5CF1 /* Resource */ = {
			isa = PBXGroup;
			children = (
				032212EE2B14B10A00FF5CF1 /* AssetCatalog */,
				032212EF2B14B11700FF5CF1 /* Font */,
				032212B02B14AAFF00FF5CF1 /* LaunchScreen.storyboard */,
			);
			path = Resource;
			sourceTree = "<group>";
		};
		032212ED2B14B0E300FF5CF1 /* Utils */ = {
			isa = PBXGroup;
			children = (
			);
			path = Utils;
			sourceTree = "<group>";
		};
		032212EE2B14B10A00FF5CF1 /* AssetCatalog */ = {
			isa = PBXGroup;
			children = (
				032212AE2B14AAFF00FF5CF1 /* Assets.xcassets */,
			);
			path = AssetCatalog;
			sourceTree = "<group>";
		};
		032212EF2B14B11700FF5CF1 /* Font */ = {
			isa = PBXGroup;
			children = (
			);
			path = Font;
			sourceTree = "<group>";
		};
/* End PBXGroup section */

/* Begin PBXNativeTarget section */
		032212A12B14AAFD00FF5CF1 /* ShallWe */ = {
			isa = PBXNativeTarget;
			buildConfigurationList = 032212B62B14AAFF00FF5CF1 /* Build configuration list for PBXNativeTarget "ShallWe" */;
			buildPhases = (
				0322129E2B14AAFD00FF5CF1 /* Sources */,
				0322129F2B14AAFD00FF5CF1 /* Frameworks */,
				032212A02B14AAFD00FF5CF1 /* Resources */,
			);
			buildRules = (
			);
			dependencies = (
			);
			name = ShallWe;
			packageProductDependencies = (
				032212BA2B14ACF800FF5CF1 /* SnapKit */,
				032212BD2B14AD0400FF5CF1 /* Then */,
				032212C02B14AD2E00FF5CF1 /* Kingfisher */,
				032212C32B14AD4900FF5CF1 /* Moya */,
				032212C52B14AD4900FF5CF1 /* RxMoya */,
				032212C82B14AD6800FF5CF1 /* RxCocoa */,
				032212CA2B14AD6800FF5CF1 /* RxRelay */,
				032212CC2B14AD6800FF5CF1 /* RxSwift */,
				032212CF2B14AD8200FF5CF1 /* Alamofire */,
				032212D22B14AD9000FF5CF1 /* FSCalendar */,
				032212D52B14AE4100FF5CF1 /* KakaoSDK */,
				032212D72B14AE4100FF5CF1 /* KakaoSDKAuth */,
				032212D92B14AE4100FF5CF1 /* KakaoSDKUser */,
				032212DC2B14AE7600FF5CF1 /* Lottie */,
			);
			productName = ShallWe;
			productReference = 032212A22B14AAFD00FF5CF1 /* ShallWe.app */;
			productType = "com.apple.product-type.application";
		};
/* End PBXNativeTarget section */

/* Begin PBXProject section */
		0322129A2B14AAFD00FF5CF1 /* Project object */ = {
			isa = PBXProject;
			attributes = {
				BuildIndependentTargetsInParallel = 1;
				LastSwiftUpdateCheck = 1500;
				LastUpgradeCheck = 1500;
				TargetAttributes = {
					032212A12B14AAFD00FF5CF1 = {
						CreatedOnToolsVersion = 15.0.1;
					};
				};
			};
			buildConfigurationList = 0322129D2B14AAFD00FF5CF1 /* Build configuration list for PBXProject "ShallWe" */;
			compatibilityVersion = "Xcode 14.0";
			developmentRegion = en;
			hasScannedForEncodings = 0;
			knownRegions = (
				en,
				Base,
			);
			mainGroup = 032212992B14AAFD00FF5CF1;
			packageReferences = (
				032212B92B14ACF800FF5CF1 /* XCRemoteSwiftPackageReference "SnapKit" */,
				032212BC2B14AD0400FF5CF1 /* XCRemoteSwiftPackageReference "Then" */,
				032212BF2B14AD2E00FF5CF1 /* XCRemoteSwiftPackageReference "Kingfisher" */,
				032212C22B14AD4900FF5CF1 /* XCRemoteSwiftPackageReference "Moya" */,
				032212C72B14AD6800FF5CF1 /* XCRemoteSwiftPackageReference "RxSwift" */,
				032212CE2B14AD8200FF5CF1 /* XCRemoteSwiftPackageReference "Alamofire" */,
				032212D12B14AD9000FF5CF1 /* XCRemoteSwiftPackageReference "FSCalendar" */,
				032212D42B14AE4100FF5CF1 /* XCRemoteSwiftPackageReference "kakao-ios-sdk" */,
				032212DB2B14AE7600FF5CF1 /* XCRemoteSwiftPackageReference "lottie-ios" */,
			);
			productRefGroup = 032212A32B14AAFD00FF5CF1 /* Products */;
			projectDirPath = "";
			projectRoot = "";
			targets = (
				032212A12B14AAFD00FF5CF1 /* ShallWe */,
			);
		};
/* End PBXProject section */

/* Begin PBXResourcesBuildPhase section */
		032212A02B14AAFD00FF5CF1 /* Resources */ = {
			isa = PBXResourcesBuildPhase;
			buildActionMask = 2147483647;
			files = (
				032212B22B14AAFF00FF5CF1 /* LaunchScreen.storyboard in Resources */,
				032212AF2B14AAFF00FF5CF1 /* Assets.xcassets in Resources */,
			);
			runOnlyForDeploymentPostprocessing = 0;
		};
/* End PBXResourcesBuildPhase section */

/* Begin PBXSourcesBuildPhase section */
		0322129E2B14AAFD00FF5CF1 /* Sources */ = {
			isa = PBXSourcesBuildPhase;
			buildActionMask = 2147483647;
			files = (
				032212AA2B14AAFD00FF5CF1 /* ViewController.swift in Sources */,
				032212A62B14AAFD00FF5CF1 /* AppDelegate.swift in Sources */,
				032212A82B14AAFD00FF5CF1 /* SceneDelegate.swift in Sources */,
				032212E12B14B01F00FF5CF1 /* DTO.swift in Sources */,
				032212E72B14B07C00FF5CF1 /* GeneralResponse.swift in Sources */,
			);
			runOnlyForDeploymentPostprocessing = 0;
		};
/* End PBXSourcesBuildPhase section */

/* Begin PBXVariantGroup section */
		032212B02B14AAFF00FF5CF1 /* LaunchScreen.storyboard */ = {
			isa = PBXVariantGroup;
			children = (
				032212B12B14AAFF00FF5CF1 /* Base */,
			);
			name = LaunchScreen.storyboard;
			sourceTree = "<group>";
		};
/* End PBXVariantGroup section */

/* Begin XCBuildConfiguration section */
		032212B42B14AAFF00FF5CF1 /* Debug */ = {
			isa = XCBuildConfiguration;
			buildSettings = {
				ALWAYS_SEARCH_USER_PATHS = NO;
				ASSETCATALOG_COMPILER_GENERATE_SWIFT_ASSET_SYMBOL_EXTENSIONS = YES;
				CLANG_ANALYZER_NONNULL = YES;
				CLANG_ANALYZER_NUMBER_OBJECT_CONVERSION = YES_AGGRESSIVE;
				CLANG_CXX_LANGUAGE_STANDARD = "gnu++20";
				CLANG_ENABLE_MODULES = YES;
				CLANG_ENABLE_OBJC_ARC = YES;
				CLANG_ENABLE_OBJC_WEAK = YES;
				CLANG_WARN_BLOCK_CAPTURE_AUTORELEASING = YES;
				CLANG_WARN_BOOL_CONVERSION = YES;
				CLANG_WARN_COMMA = YES;
				CLANG_WARN_CONSTANT_CONVERSION = YES;
				CLANG_WARN_DEPRECATED_OBJC_IMPLEMENTATIONS = YES;
				CLANG_WARN_DIRECT_OBJC_ISA_USAGE = YES_ERROR;
				CLANG_WARN_DOCUMENTATION_COMMENTS = YES;
				CLANG_WARN_EMPTY_BODY = YES;
				CLANG_WARN_ENUM_CONVERSION = YES;
				CLANG_WARN_INFINITE_RECURSION = YES;
				CLANG_WARN_INT_CONVERSION = YES;
				CLANG_WARN_NON_LITERAL_NULL_CONVERSION = YES;
				CLANG_WARN_OBJC_IMPLICIT_RETAIN_SELF = YES;
				CLANG_WARN_OBJC_LITERAL_CONVERSION = YES;
				CLANG_WARN_OBJC_ROOT_CLASS = YES_ERROR;
				CLANG_WARN_QUOTED_INCLUDE_IN_FRAMEWORK_HEADER = YES;
				CLANG_WARN_RANGE_LOOP_ANALYSIS = YES;
				CLANG_WARN_STRICT_PROTOTYPES = YES;
				CLANG_WARN_SUSPICIOUS_MOVE = YES;
				CLANG_WARN_UNGUARDED_AVAILABILITY = YES_AGGRESSIVE;
				CLANG_WARN_UNREACHABLE_CODE = YES;
				CLANG_WARN__DUPLICATE_METHOD_MATCH = YES;
				COPY_PHASE_STRIP = NO;
				DEBUG_INFORMATION_FORMAT = dwarf;
				ENABLE_STRICT_OBJC_MSGSEND = YES;
				ENABLE_TESTABILITY = YES;
				ENABLE_USER_SCRIPT_SANDBOXING = YES;
				GCC_C_LANGUAGE_STANDARD = gnu17;
				GCC_DYNAMIC_NO_PIC = NO;
				GCC_NO_COMMON_BLOCKS = YES;
				GCC_OPTIMIZATION_LEVEL = 0;
				GCC_PREPROCESSOR_DEFINITIONS = (
					"DEBUG=1",
					"$(inherited)",
				);
				GCC_WARN_64_TO_32_BIT_CONVERSION = YES;
				GCC_WARN_ABOUT_RETURN_TYPE = YES_ERROR;
				GCC_WARN_UNDECLARED_SELECTOR = YES;
				GCC_WARN_UNINITIALIZED_AUTOS = YES_AGGRESSIVE;
				GCC_WARN_UNUSED_FUNCTION = YES;
				GCC_WARN_UNUSED_VARIABLE = YES;
				IPHONEOS_DEPLOYMENT_TARGET = 17.0;
				LOCALIZATION_PREFERS_STRING_CATALOGS = YES;
				MTL_ENABLE_DEBUG_INFO = INCLUDE_SOURCE;
				MTL_FAST_MATH = YES;
				ONLY_ACTIVE_ARCH = YES;
				SDKROOT = iphoneos;
				SWIFT_ACTIVE_COMPILATION_CONDITIONS = "DEBUG $(inherited)";
				SWIFT_OPTIMIZATION_LEVEL = "-Onone";
			};
			name = Debug;
		};
		032212B52B14AAFF00FF5CF1 /* Release */ = {
			isa = XCBuildConfiguration;
			buildSettings = {
				ALWAYS_SEARCH_USER_PATHS = NO;
				ASSETCATALOG_COMPILER_GENERATE_SWIFT_ASSET_SYMBOL_EXTENSIONS = YES;
				CLANG_ANALYZER_NONNULL = YES;
				CLANG_ANALYZER_NUMBER_OBJECT_CONVERSION = YES_AGGRESSIVE;
				CLANG_CXX_LANGUAGE_STANDARD = "gnu++20";
				CLANG_ENABLE_MODULES = YES;
				CLANG_ENABLE_OBJC_ARC = YES;
				CLANG_ENABLE_OBJC_WEAK = YES;
				CLANG_WARN_BLOCK_CAPTURE_AUTORELEASING = YES;
				CLANG_WARN_BOOL_CONVERSION = YES;
				CLANG_WARN_COMMA = YES;
				CLANG_WARN_CONSTANT_CONVERSION = YES;
				CLANG_WARN_DEPRECATED_OBJC_IMPLEMENTATIONS = YES;
				CLANG_WARN_DIRECT_OBJC_ISA_USAGE = YES_ERROR;
				CLANG_WARN_DOCUMENTATION_COMMENTS = YES;
				CLANG_WARN_EMPTY_BODY = YES;
				CLANG_WARN_ENUM_CONVERSION = YES;
				CLANG_WARN_INFINITE_RECURSION = YES;
				CLANG_WARN_INT_CONVERSION = YES;
				CLANG_WARN_NON_LITERAL_NULL_CONVERSION = YES;
				CLANG_WARN_OBJC_IMPLICIT_RETAIN_SELF = YES;
				CLANG_WARN_OBJC_LITERAL_CONVERSION = YES;
				CLANG_WARN_OBJC_ROOT_CLASS = YES_ERROR;
				CLANG_WARN_QUOTED_INCLUDE_IN_FRAMEWORK_HEADER = YES;
				CLANG_WARN_RANGE_LOOP_ANALYSIS = YES;
				CLANG_WARN_STRICT_PROTOTYPES = YES;
				CLANG_WARN_SUSPICIOUS_MOVE = YES;
				CLANG_WARN_UNGUARDED_AVAILABILITY = YES_AGGRESSIVE;
				CLANG_WARN_UNREACHABLE_CODE = YES;
				CLANG_WARN__DUPLICATE_METHOD_MATCH = YES;
				COPY_PHASE_STRIP = NO;
				DEBUG_INFORMATION_FORMAT = "dwarf-with-dsym";
				ENABLE_NS_ASSERTIONS = NO;
				ENABLE_STRICT_OBJC_MSGSEND = YES;
				ENABLE_USER_SCRIPT_SANDBOXING = YES;
				GCC_C_LANGUAGE_STANDARD = gnu17;
				GCC_NO_COMMON_BLOCKS = YES;
				GCC_WARN_64_TO_32_BIT_CONVERSION = YES;
				GCC_WARN_ABOUT_RETURN_TYPE = YES_ERROR;
				GCC_WARN_UNDECLARED_SELECTOR = YES;
				GCC_WARN_UNINITIALIZED_AUTOS = YES_AGGRESSIVE;
				GCC_WARN_UNUSED_FUNCTION = YES;
				GCC_WARN_UNUSED_VARIABLE = YES;
				IPHONEOS_DEPLOYMENT_TARGET = 17.0;
				LOCALIZATION_PREFERS_STRING_CATALOGS = YES;
				MTL_ENABLE_DEBUG_INFO = NO;
				MTL_FAST_MATH = YES;
				SDKROOT = iphoneos;
				SWIFT_COMPILATION_MODE = wholemodule;
				VALIDATE_PRODUCT = YES;
			};
			name = Release;
		};
		032212B72B14AAFF00FF5CF1 /* Debug */ = {
			isa = XCBuildConfiguration;
			buildSettings = {
				ASSETCATALOG_COMPILER_APPICON_NAME = AppIcon;
				ASSETCATALOG_COMPILER_GLOBAL_ACCENT_COLOR_NAME = AccentColor;
				CODE_SIGN_STYLE = Automatic;
				CURRENT_PROJECT_VERSION = 1;
				DEVELOPMENT_TEAM = DGT9BQA4KH;
				GENERATE_INFOPLIST_FILE = YES;
				INFOPLIST_FILE = ShallWe/Info.plist;
				INFOPLIST_KEY_UIApplicationSupportsIndirectInputEvents = YES;
				INFOPLIST_KEY_UILaunchStoryboardName = LaunchScreen;
				INFOPLIST_KEY_UISupportedInterfaceOrientations_iPad = "UIInterfaceOrientationPortrait UIInterfaceOrientationPortraitUpsideDown UIInterfaceOrientationLandscapeLeft UIInterfaceOrientationLandscapeRight";
				INFOPLIST_KEY_UISupportedInterfaceOrientations_iPhone = "UIInterfaceOrientationPortrait UIInterfaceOrientationLandscapeLeft UIInterfaceOrientationLandscapeRight";
				IPHONEOS_DEPLOYMENT_TARGET = 16.0;
				LD_RUNPATH_SEARCH_PATHS = (
					"$(inherited)",
					"@executable_path/Frameworks",
				);
				MARKETING_VERSION = 1.0;
				PRODUCT_BUNDLE_IDENTIFIER = kwonjeong.ShallWe;
				PRODUCT_NAME = "$(TARGET_NAME)";
				SWIFT_EMIT_LOC_STRINGS = YES;
				SWIFT_VERSION = 5.0;
				TARGETED_DEVICE_FAMILY = "1,2";
			};
			name = Debug;
		};
		032212B82B14AAFF00FF5CF1 /* Release */ = {
			isa = XCBuildConfiguration;
			buildSettings = {
				ASSETCATALOG_COMPILER_APPICON_NAME = AppIcon;
				ASSETCATALOG_COMPILER_GLOBAL_ACCENT_COLOR_NAME = AccentColor;
				CODE_SIGN_STYLE = Automatic;
				CURRENT_PROJECT_VERSION = 1;
				DEVELOPMENT_TEAM = DGT9BQA4KH;
				GENERATE_INFOPLIST_FILE = YES;
				INFOPLIST_FILE = ShallWe/Info.plist;
				INFOPLIST_KEY_UIApplicationSupportsIndirectInputEvents = YES;
				INFOPLIST_KEY_UILaunchStoryboardName = LaunchScreen;
				INFOPLIST_KEY_UISupportedInterfaceOrientations_iPad = "UIInterfaceOrientationPortrait UIInterfaceOrientationPortraitUpsideDown UIInterfaceOrientationLandscapeLeft UIInterfaceOrientationLandscapeRight";
				INFOPLIST_KEY_UISupportedInterfaceOrientations_iPhone = "UIInterfaceOrientationPortrait UIInterfaceOrientationLandscapeLeft UIInterfaceOrientationLandscapeRight";
				IPHONEOS_DEPLOYMENT_TARGET = 16.0;
				LD_RUNPATH_SEARCH_PATHS = (
					"$(inherited)",
					"@executable_path/Frameworks",
				);
				MARKETING_VERSION = 1.0;
				PRODUCT_BUNDLE_IDENTIFIER = kwonjeong.ShallWe;
				PRODUCT_NAME = "$(TARGET_NAME)";
				SWIFT_EMIT_LOC_STRINGS = YES;
				SWIFT_VERSION = 5.0;
				TARGETED_DEVICE_FAMILY = "1,2";
			};
			name = Release;
		};
/* End XCBuildConfiguration section */

/* Begin XCConfigurationList section */
		0322129D2B14AAFD00FF5CF1 /* Build configuration list for PBXProject "ShallWe" */ = {
			isa = XCConfigurationList;
			buildConfigurations = (
				032212B42B14AAFF00FF5CF1 /* Debug */,
				032212B52B14AAFF00FF5CF1 /* Release */,
			);
			defaultConfigurationIsVisible = 0;
			defaultConfigurationName = Release;
		};
		032212B62B14AAFF00FF5CF1 /* Build configuration list for PBXNativeTarget "ShallWe" */ = {
			isa = XCConfigurationList;
			buildConfigurations = (
				032212B72B14AAFF00FF5CF1 /* Debug */,
				032212B82B14AAFF00FF5CF1 /* Release */,
			);
			defaultConfigurationIsVisible = 0;
			defaultConfigurationName = Release;
		};
/* End XCConfigurationList section */

/* Begin XCRemoteSwiftPackageReference section */
		032212B92B14ACF800FF5CF1 /* XCRemoteSwiftPackageReference "SnapKit" */ = {
			isa = XCRemoteSwiftPackageReference;
			repositoryURL = "https://github.com/SnapKit/SnapKit";
			requirement = {
				kind = upToNextMajorVersion;
				minimumVersion = 5.6.0;
			};
		};
		032212BC2B14AD0400FF5CF1 /* XCRemoteSwiftPackageReference "Then" */ = {
			isa = XCRemoteSwiftPackageReference;
			repositoryURL = "https://github.com/devxoul/Then";
			requirement = {
				kind = upToNextMajorVersion;
				minimumVersion = 3.0.0;
			};
		};
		032212BF2B14AD2E00FF5CF1 /* XCRemoteSwiftPackageReference "Kingfisher" */ = {
			isa = XCRemoteSwiftPackageReference;
			repositoryURL = "https://github.com/onevcat/Kingfisher";
			requirement = {
				kind = upToNextMajorVersion;
				minimumVersion = 7.10.0;
			};
		};
		032212C22B14AD4900FF5CF1 /* XCRemoteSwiftPackageReference "Moya" */ = {
			isa = XCRemoteSwiftPackageReference;
			repositoryURL = "https://github.com/Moya/Moya";
			requirement = {
				kind = upToNextMajorVersion;
				minimumVersion = 15.0.3;
			};
		};
		032212C72B14AD6800FF5CF1 /* XCRemoteSwiftPackageReference "RxSwift" */ = {
			isa = XCRemoteSwiftPackageReference;
			repositoryURL = "https://github.com/ReactiveX/RxSwift";
			requirement = {
				kind = upToNextMajorVersion;
				minimumVersion = 6.6.0;
			};
		};
		032212CE2B14AD8200FF5CF1 /* XCRemoteSwiftPackageReference "Alamofire" */ = {
			isa = XCRemoteSwiftPackageReference;
			repositoryURL = "https://github.com/Alamofire/Alamofire";
			requirement = {
				kind = upToNextMajorVersion;
				minimumVersion = 5.8.1;
			};
		};
		032212D12B14AD9000FF5CF1 /* XCRemoteSwiftPackageReference "FSCalendar" */ = {
			isa = XCRemoteSwiftPackageReference;
			repositoryURL = "https://github.com/WenchaoD/FSCalendar";
			requirement = {
				kind = upToNextMajorVersion;
				minimumVersion = 2.8.4;
			};
		};
		032212D42B14AE4100FF5CF1 /* XCRemoteSwiftPackageReference "kakao-ios-sdk" */ = {
			isa = XCRemoteSwiftPackageReference;
			repositoryURL = "https://github.com/kakao/kakao-ios-sdk";
			requirement = {
				kind = upToNextMajorVersion;
				minimumVersion = 2.19.0;
			};
		};
		032212DB2B14AE7600FF5CF1 /* XCRemoteSwiftPackageReference "lottie-ios" */ = {
			isa = XCRemoteSwiftPackageReference;
			repositoryURL = "https://github.com/airbnb/lottie-ios";
			requirement = {
				kind = upToNextMajorVersion;
				minimumVersion = 4.3.3;
			};
		};
/* End XCRemoteSwiftPackageReference section */

/* Begin XCSwiftPackageProductDependency section */
		032212BA2B14ACF800FF5CF1 /* SnapKit */ = {
			isa = XCSwiftPackageProductDependency;
			package = 032212B92B14ACF800FF5CF1 /* XCRemoteSwiftPackageReference "SnapKit" */;
			productName = SnapKit;
		};
		032212BD2B14AD0400FF5CF1 /* Then */ = {
			isa = XCSwiftPackageProductDependency;
			package = 032212BC2B14AD0400FF5CF1 /* XCRemoteSwiftPackageReference "Then" */;
			productName = Then;
		};
		032212C02B14AD2E00FF5CF1 /* Kingfisher */ = {
			isa = XCSwiftPackageProductDependency;
			package = 032212BF2B14AD2E00FF5CF1 /* XCRemoteSwiftPackageReference "Kingfisher" */;
			productName = Kingfisher;
		};
		032212C32B14AD4900FF5CF1 /* Moya */ = {
			isa = XCSwiftPackageProductDependency;
			package = 032212C22B14AD4900FF5CF1 /* XCRemoteSwiftPackageReference "Moya" */;
			productName = Moya;
		};
		032212C52B14AD4900FF5CF1 /* RxMoya */ = {
			isa = XCSwiftPackageProductDependency;
			package = 032212C22B14AD4900FF5CF1 /* XCRemoteSwiftPackageReference "Moya" */;
			productName = RxMoya;
		};
		032212C82B14AD6800FF5CF1 /* RxCocoa */ = {
			isa = XCSwiftPackageProductDependency;
			package = 032212C72B14AD6800FF5CF1 /* XCRemoteSwiftPackageReference "RxSwift" */;
			productName = RxCocoa;
		};
		032212CA2B14AD6800FF5CF1 /* RxRelay */ = {
			isa = XCSwiftPackageProductDependency;
			package = 032212C72B14AD6800FF5CF1 /* XCRemoteSwiftPackageReference "RxSwift" */;
			productName = RxRelay;
		};
		032212CC2B14AD6800FF5CF1 /* RxSwift */ = {
			isa = XCSwiftPackageProductDependency;
			package = 032212C72B14AD6800FF5CF1 /* XCRemoteSwiftPackageReference "RxSwift" */;
			productName = RxSwift;
		};
		032212CF2B14AD8200FF5CF1 /* Alamofire */ = {
			isa = XCSwiftPackageProductDependency;
			package = 032212CE2B14AD8200FF5CF1 /* XCRemoteSwiftPackageReference "Alamofire" */;
			productName = Alamofire;
		};
		032212D22B14AD9000FF5CF1 /* FSCalendar */ = {
			isa = XCSwiftPackageProductDependency;
			package = 032212D12B14AD9000FF5CF1 /* XCRemoteSwiftPackageReference "FSCalendar" */;
			productName = FSCalendar;
		};
		032212D52B14AE4100FF5CF1 /* KakaoSDK */ = {
			isa = XCSwiftPackageProductDependency;
			package = 032212D42B14AE4100FF5CF1 /* XCRemoteSwiftPackageReference "kakao-ios-sdk" */;
			productName = KakaoSDK;
		};
		032212D72B14AE4100FF5CF1 /* KakaoSDKAuth */ = {
			isa = XCSwiftPackageProductDependency;
			package = 032212D42B14AE4100FF5CF1 /* XCRemoteSwiftPackageReference "kakao-ios-sdk" */;
			productName = KakaoSDKAuth;
		};
		032212D92B14AE4100FF5CF1 /* KakaoSDKUser */ = {
			isa = XCSwiftPackageProductDependency;
			package = 032212D42B14AE4100FF5CF1 /* XCRemoteSwiftPackageReference "kakao-ios-sdk" */;
			productName = KakaoSDKUser;
		};
		032212DC2B14AE7600FF5CF1 /* Lottie */ = {
			isa = XCSwiftPackageProductDependency;
			package = 032212DB2B14AE7600FF5CF1 /* XCRemoteSwiftPackageReference "lottie-ios" */;
			productName = Lottie;
		};
/* End XCSwiftPackageProductDependency section */
	};
	rootObject = 0322129A2B14AAFD00FF5CF1 /* Project object */;
}
