// !$*UTF8*$!
{
	archiveVersion = 1;
	classes = {
	};
	objectVersion = 56;
	objects = {

/* Begin PBXBuildFile section */
		03115F912B271BD5009D1517 /* HomeRecommendViewController.swift in Sources */ = {isa = PBXBuildFile; fileRef = 03115F902B271BD5009D1517 /* HomeRecommendViewController.swift */; };
		03115F962B271F12009D1517 /* HomeRecommendView.swift in Sources */ = {isa = PBXBuildFile; fileRef = 03115F952B271F12009D1517 /* HomeRecommendView.swift */; };
		032212A62B14AAFD00FF5CF1 /* AppDelegate.swift in Sources */ = {isa = PBXBuildFile; fileRef = 032212A52B14AAFD00FF5CF1 /* AppDelegate.swift */; };
		032212A82B14AAFD00FF5CF1 /* SceneDelegate.swift in Sources */ = {isa = PBXBuildFile; fileRef = 032212A72B14AAFD00FF5CF1 /* SceneDelegate.swift */; };
		032212AF2B14AAFF00FF5CF1 /* Assets.xcassets in Resources */ = {isa = PBXBuildFile; fileRef = 032212AE2B14AAFF00FF5CF1 /* Assets.xcassets */; };
		032212B22B14AAFF00FF5CF1 /* LaunchScreen.storyboard in Resources */ = {isa = PBXBuildFile; fileRef = 032212B02B14AAFF00FF5CF1 /* LaunchScreen.storyboard */; };
		032212BB2B14ACF800FF5CF1 /* SnapKit in Frameworks */ = {isa = PBXBuildFile; productRef = 032212BA2B14ACF800FF5CF1 /* SnapKit */; };
		032212BE2B14AD0400FF5CF1 /* Then in Frameworks */ = {isa = PBXBuildFile; productRef = 032212BD2B14AD0400FF5CF1 /* Then */; };
		032212C12B14AD2E00FF5CF1 /* Kingfisher in Frameworks */ = {isa = PBXBuildFile; productRef = 032212C02B14AD2E00FF5CF1 /* Kingfisher */; };
		032212C42B14AD4900FF5CF1 /* Moya in Frameworks */ = {isa = PBXBuildFile; productRef = 032212C32B14AD4900FF5CF1 /* Moya */; };
		032212C62B14AD4900FF5CF1 /* RxMoya in Frameworks */ = {isa = PBXBuildFile; productRef = 032212C52B14AD4900FF5CF1 /* RxMoya */; };
		032212C92B14AD6800FF5CF1 /* RxCocoa in Frameworks */ = {isa = PBXBuildFile; productRef = 032212C82B14AD6800FF5CF1 /* RxCocoa */; };
		032212CB2B14AD6800FF5CF1 /* RxRelay in Frameworks */ = {isa = PBXBuildFile; productRef = 032212CA2B14AD6800FF5CF1 /* RxRelay */; };
		032212CD2B14AD6800FF5CF1 /* RxSwift in Frameworks */ = {isa = PBXBuildFile; productRef = 032212CC2B14AD6800FF5CF1 /* RxSwift */; };
		032212D02B14AD8200FF5CF1 /* Alamofire in Frameworks */ = {isa = PBXBuildFile; productRef = 032212CF2B14AD8200FF5CF1 /* Alamofire */; settings = {ATTRIBUTES = (Required, ); }; };
		032212D32B14AD9000FF5CF1 /* FSCalendar in Frameworks */ = {isa = PBXBuildFile; productRef = 032212D22B14AD9000FF5CF1 /* FSCalendar */; };
		032212D62B14AE4100FF5CF1 /* KakaoSDK in Frameworks */ = {isa = PBXBuildFile; productRef = 032212D52B14AE4100FF5CF1 /* KakaoSDK */; };
		032212D82B14AE4100FF5CF1 /* KakaoSDKAuth in Frameworks */ = {isa = PBXBuildFile; productRef = 032212D72B14AE4100FF5CF1 /* KakaoSDKAuth */; };
		032212DA2B14AE4100FF5CF1 /* KakaoSDKUser in Frameworks */ = {isa = PBXBuildFile; productRef = 032212D92B14AE4100FF5CF1 /* KakaoSDKUser */; };
		032212DD2B14AE7600FF5CF1 /* Lottie in Frameworks */ = {isa = PBXBuildFile; productRef = 032212DC2B14AE7600FF5CF1 /* Lottie */; };
		032212E12B14B01F00FF5CF1 /* DTO.swift in Sources */ = {isa = PBXBuildFile; fileRef = 032212E02B14B01F00FF5CF1 /* DTO.swift */; };
		032212E72B14B07C00FF5CF1 /* GeneralResponse.swift in Sources */ = {isa = PBXBuildFile; fileRef = 032212E62B14B07C00FF5CF1 /* GeneralResponse.swift */; };
		032212F12B14B17600FF5CF1 /* MakeVibrate.swift in Sources */ = {isa = PBXBuildFile; fileRef = 032212F02B14B17600FF5CF1 /* MakeVibrate.swift */; };
		032212F32B14B18500FF5CF1 /* MakeAlert.swift in Sources */ = {isa = PBXBuildFile; fileRef = 032212F22B14B18500FF5CF1 /* MakeAlert.swift */; };
		032212F72B14B1B900FF5CF1 /* Protocol.swift in Sources */ = {isa = PBXBuildFile; fileRef = 032212F62B14B1B900FF5CF1 /* Protocol.swift */; };
		032212F92B14B1C800FF5CF1 /* String+.swift in Sources */ = {isa = PBXBuildFile; fileRef = 032212F82B14B1C800FF5CF1 /* String+.swift */; };
		032212FB2B14B1D600FF5CF1 /* NSObject+.swift in Sources */ = {isa = PBXBuildFile; fileRef = 032212FA2B14B1D600FF5CF1 /* NSObject+.swift */; };
		032212FD2B14B1E000FF5CF1 /* UIView+.swift in Sources */ = {isa = PBXBuildFile; fileRef = 032212FC2B14B1E000FF5CF1 /* UIView+.swift */; };
		032212FF2B14B20D00FF5CF1 /* UIResponder+.swift in Sources */ = {isa = PBXBuildFile; fileRef = 032212FE2B14B20D00FF5CF1 /* UIResponder+.swift */; };
		032213012B14B21700FF5CF1 /* UIColor+.swift in Sources */ = {isa = PBXBuildFile; fileRef = 032213002B14B21700FF5CF1 /* UIColor+.swift */; };
		032213032B14B22500FF5CF1 /* UIImage+.swift in Sources */ = {isa = PBXBuildFile; fileRef = 032213022B14B22500FF5CF1 /* UIImage+.swift */; };
		032213052B14B23000FF5CF1 /* UIViewController+.swift in Sources */ = {isa = PBXBuildFile; fileRef = 032213042B14B23000FF5CF1 /* UIViewController+.swift */; };
		032213072B14B24500FF5CF1 /* UITextField+.swift in Sources */ = {isa = PBXBuildFile; fileRef = 032213062B14B24500FF5CF1 /* UITextField+.swift */; };
		032213092B14B24F00FF5CF1 /* UITextView+.swift in Sources */ = {isa = PBXBuildFile; fileRef = 032213082B14B24F00FF5CF1 /* UITextView+.swift */; };
		0322130B2B14B25900FF5CF1 /* UIStackView+.swift in Sources */ = {isa = PBXBuildFile; fileRef = 0322130A2B14B25900FF5CF1 /* UIStackView+.swift */; };
		0322130D2B14B26400FF5CF1 /* UILabel+.swift in Sources */ = {isa = PBXBuildFile; fileRef = 0322130C2B14B26400FF5CF1 /* UILabel+.swift */; };
		0322130F2B14B27B00FF5CF1 /* UITableView+.swift in Sources */ = {isa = PBXBuildFile; fileRef = 0322130E2B14B27B00FF5CF1 /* UITableView+.swift */; };
		032213112B14B28600FF5CF1 /* UITabBar+.swift in Sources */ = {isa = PBXBuildFile; fileRef = 032213102B14B28600FF5CF1 /* UITabBar+.swift */; };
		032213132B14B29200FF5CF1 /* UIButton+.swift in Sources */ = {isa = PBXBuildFile; fileRef = 032213122B14B29200FF5CF1 /* UIButton+.swift */; };
		032213152B14B2EA00FF5CF1 /* API.swift in Sources */ = {isa = PBXBuildFile; fileRef = 032213142B14B2EA00FF5CF1 /* API.swift */; };
		032213172B14B2F800FF5CF1 /* NetworkLoggerPlugin.swift in Sources */ = {isa = PBXBuildFile; fileRef = 032213162B14B2F800FF5CF1 /* NetworkLoggerPlugin.swift */; };
		032213192B14B30A00FF5CF1 /* Config.swift in Sources */ = {isa = PBXBuildFile; fileRef = 032213182B14B30A00FF5CF1 /* Config.swift */; };
		0322131B2B14B31E00FF5CF1 /* APIConstant.swift in Sources */ = {isa = PBXBuildFile; fileRef = 0322131A2B14B31E00FF5CF1 /* APIConstant.swift */; };
		0322131D2B14B32B00FF5CF1 /* URLConstant.swift in Sources */ = {isa = PBXBuildFile; fileRef = 0322131C2B14B32B00FF5CF1 /* URLConstant.swift */; };
		032213202B14B75100FF5CF1 /* APIService.swift in Sources */ = {isa = PBXBuildFile; fileRef = 0322131F2B14B75100FF5CF1 /* APIService.swift */; };
		032213282B14B89700FF5CF1 /* ColorLiterals.swift in Sources */ = {isa = PBXBuildFile; fileRef = 032213272B14B89700FF5CF1 /* ColorLiterals.swift */; };
		0322132A2B14B9E800FF5CF1 /* FontLiterals.swift in Sources */ = {isa = PBXBuildFile; fileRef = 032213292B14B9E800FF5CF1 /* FontLiterals.swift */; };
		0322132C2B14B9F500FF5CF1 /* ImageLiterals.swift in Sources */ = {isa = PBXBuildFile; fileRef = 0322132B2B14B9F500FF5CF1 /* ImageLiterals.swift */; };
		0322132E2B14B9FD00FF5CF1 /* SizeLiterals.swift in Sources */ = {isa = PBXBuildFile; fileRef = 0322132D2B14B9FD00FF5CF1 /* SizeLiterals.swift */; };
		032213302B14BA0F00FF5CF1 /* StringLiterals.swift in Sources */ = {isa = PBXBuildFile; fileRef = 0322132F2B14BA0F00FF5CF1 /* StringLiterals.swift */; };
		032213342B15E3B800FF5CF1 /* AppleSDGothicNeoR.ttf in Resources */ = {isa = PBXBuildFile; fileRef = 032213332B15E3B800FF5CF1 /* AppleSDGothicNeoR.ttf */; };
		032213362B15E3C200FF5CF1 /* AppleSDGothicNeoM.ttf in Resources */ = {isa = PBXBuildFile; fileRef = 032213352B15E3C200FF5CF1 /* AppleSDGothicNeoM.ttf */; };
		032213382B15E3CC00FF5CF1 /* AppleSDGothicNeoSB.ttf in Resources */ = {isa = PBXBuildFile; fileRef = 032213372B15E3CC00FF5CF1 /* AppleSDGothicNeoSB.ttf */; };
		0322133A2B15E3D700FF5CF1 /* AppleSDGothicNeoB.ttf in Resources */ = {isa = PBXBuildFile; fileRef = 032213392B15E3D700FF5CF1 /* AppleSDGothicNeoB.ttf */; };
		0322133C2B15E3E000FF5CF1 /* AppleSDGothicNeoEB.ttf in Resources */ = {isa = PBXBuildFile; fileRef = 0322133B2B15E3E000FF5CF1 /* AppleSDGothicNeoEB.ttf */; };
		0322136A2B15F60800FF5CF1 /* Image.xcassets in Resources */ = {isa = PBXBuildFile; fileRef = 032213692B15F60800FF5CF1 /* Image.xcassets */; };
		0322136D2B15F8C200FF5CF1 /* TabBarController.swift in Sources */ = {isa = PBXBuildFile; fileRef = 0322136C2B15F8C200FF5CF1 /* TabBarController.swift */; };
		0322136F2B15F8CF00FF5CF1 /* TabBarItem.swift in Sources */ = {isa = PBXBuildFile; fileRef = 0322136E2B15F8CF00FF5CF1 /* TabBarItem.swift */; };
		032213762B15FA2D00FF5CF1 /* HomeViewController.swift in Sources */ = {isa = PBXBuildFile; fileRef = 032213752B15FA2D00FF5CF1 /* HomeViewController.swift */; };
		032213782B15FA3500FF5CF1 /* MypageViewController.swift in Sources */ = {isa = PBXBuildFile; fileRef = 032213772B15FA3500FF5CF1 /* MypageViewController.swift */; };
		032213862B1B2A8D00FF5CF1 /* BaseViewController.swift in Sources */ = {isa = PBXBuildFile; fileRef = 032213852B1B2A8D00FF5CF1 /* BaseViewController.swift */; };
		032213892B1B2ADC00FF5CF1 /* BaseView.swift in Sources */ = {isa = PBXBuildFile; fileRef = 032213882B1B2ADC00FF5CF1 /* BaseView.swift */; };
		0322138B2B1B2B5100FF5CF1 /* CustomNavigationBar.swift in Sources */ = {isa = PBXBuildFile; fileRef = 0322138A2B1B2B5100FF5CF1 /* CustomNavigationBar.swift */; };
		032213912B1B2EBB00FF5CF1 /* SearchView.swift in Sources */ = {isa = PBXBuildFile; fileRef = 032213902B1B2EBB00FF5CF1 /* SearchView.swift */; };
		032213942B1B6D1D00FF5CF1 /* HomeGalleryCell.swift in Sources */ = {isa = PBXBuildFile; fileRef = 032213932B1B6D1D00FF5CF1 /* HomeGalleryCell.swift */; };
		032213962B1B6D9200FF5CF1 /* HomeRecommendCell.swift in Sources */ = {isa = PBXBuildFile; fileRef = 032213952B1B6D9200FF5CF1 /* HomeRecommendCell.swift */; };
		032213982B1B6DEA00FF5CF1 /* HomePopularCategoryCell.swift in Sources */ = {isa = PBXBuildFile; fileRef = 032213972B1B6DEA00FF5CF1 /* HomePopularCategoryCell.swift */; };
		0322139A2B1B6ED300FF5CF1 /* HomeExperienceCell.swift in Sources */ = {isa = PBXBuildFile; fileRef = 032213992B1B6ED300FF5CF1 /* HomeExperienceCell.swift */; };
		0322139C2B1B8B3100FF5CF1 /* HomeHeaderView.swift in Sources */ = {isa = PBXBuildFile; fileRef = 0322139B2B1B8B3100FF5CF1 /* HomeHeaderView.swift */; };
		0322139E2B1B8F3200FF5CF1 /* UICollectionView+.swift in Sources */ = {isa = PBXBuildFile; fileRef = 0322139D2B1B8F3200FF5CF1 /* UICollectionView+.swift */; };
		032213A12B1B92A000FF5CF1 /* RecommendModel.swift in Sources */ = {isa = PBXBuildFile; fileRef = 032213A02B1B92A000FF5CF1 /* RecommendModel.swift */; };
		032213A32B1B935800FF5CF1 /* PopularCategoryModel.swift in Sources */ = {isa = PBXBuildFile; fileRef = 032213A22B1B935800FF5CF1 /* PopularCategoryModel.swift */; };
		032213A82B1C5E5000FF5CF1 /* HomeViewModel.swift in Sources */ = {isa = PBXBuildFile; fileRef = 032213A72B1C5E5000FF5CF1 /* HomeViewModel.swift */; };
		032213AA2B20770F00FF5CF1 /* GalleryModel.swift in Sources */ = {isa = PBXBuildFile; fileRef = 032213A92B20770E00FF5CF1 /* GalleryModel.swift */; };
		032213AC2B20777600FF5CF1 /* HomeExperienceModel.swift in Sources */ = {isa = PBXBuildFile; fileRef = 032213AB2B20777600FF5CF1 /* HomeExperienceModel.swift */; };
		032213B32B20839100FF5CF1 /* GalleryFooterView.swift in Sources */ = {isa = PBXBuildFile; fileRef = 032213B22B20839100FF5CF1 /* GalleryFooterView.swift */; };
		032213B52B241B3100FF5CF1 /* HomeView.swift in Sources */ = {isa = PBXBuildFile; fileRef = 032213B42B241B3100FF5CF1 /* HomeView.swift */; };
		0332A3A62B53F14200720CD3 /* ExperienceViewController.swift in Sources */ = {isa = PBXBuildFile; fileRef = 0332A3A52B53F14200720CD3 /* ExperienceViewController.swift */; };
		034011412B5CD87C00D1F371 /* SortModel.swift in Sources */ = {isa = PBXBuildFile; fileRef = 034011402B5CD87C00D1F371 /* SortModel.swift */; };
		0340258A2B555648001F5510 /* SortHalfModal.swift in Sources */ = {isa = PBXBuildFile; fileRef = 034025892B555648001F5510 /* SortHalfModal.swift */; };
		0340258C2B555B82001F5510 /* SortHalfModalCell.swift in Sources */ = {isa = PBXBuildFile; fileRef = 0340258B2B555B82001F5510 /* SortHalfModalCell.swift */; };
		9515EF642B515FE300C4E1AA /* AgreementToTermsViewController.swift in Sources */ = {isa = PBXBuildFile; fileRef = 9515EF632B515FE300C4E1AA /* AgreementToTermsViewController.swift */; };
		9515EF662B51600800C4E1AA /* AgreementOfTermsView.swift in Sources */ = {isa = PBXBuildFile; fileRef = 9515EF652B51600800C4E1AA /* AgreementOfTermsView.swift */; };
		9515EF682B5421AE00C4E1AA /* TermsDetailsPopUpViewController.swift in Sources */ = {isa = PBXBuildFile; fileRef = 9515EF672B5421AE00C4E1AA /* TermsDetailsPopUpViewController.swift */; };
		9515EF6A2B54264B00C4E1AA /* TermsDetailsPopUpView.swift in Sources */ = {isa = PBXBuildFile; fileRef = 9515EF692B54264B00C4E1AA /* TermsDetailsPopUpView.swift */; };
		0345806A2B2879F2002DDEBA /* HomeMenuCollectionViewCell.swift in Sources */ = {isa = PBXBuildFile; fileRef = 034580692B2879F2002DDEBA /* HomeMenuCollectionViewCell.swift */; };
		0345806D2B288104002DDEBA /* HomeExperienceViewModel.swift in Sources */ = {isa = PBXBuildFile; fileRef = 0345806C2B288104002DDEBA /* HomeExperienceViewModel.swift */; };
		034580722B28A3A6002DDEBA /* ExperiencePageVC.swift in Sources */ = {isa = PBXBuildFile; fileRef = 034580712B28A3A6002DDEBA /* ExperiencePageVC.swift */; };
		0345807C2B28ACF6002DDEBA /* HomeExperienceListView.swift in Sources */ = {isa = PBXBuildFile; fileRef = 0345807B2B28ACF6002DDEBA /* HomeExperienceListView.swift */; };
		034580952B2F356C002DDEBA /* DropDown in Frameworks */ = {isa = PBXBuildFile; productRef = 034580942B2F356C002DDEBA /* DropDown */; };
		034580992B37EEA1002DDEBA /* ExperienceHeader.swift in Sources */ = {isa = PBXBuildFile; fileRef = 034580982B37EEA1002DDEBA /* ExperienceHeader.swift */; };
		035A9F082B42AB4B007B3F50 /* CategoryViewController.swift in Sources */ = {isa = PBXBuildFile; fileRef = 035A9F072B42AB4B007B3F50 /* CategoryViewController.swift */; };
		035A9F102B448047007B3F50 /* HomeCategoryViewController.swift in Sources */ = {isa = PBXBuildFile; fileRef = 035A9F0F2B448047007B3F50 /* HomeCategoryViewController.swift */; };
		03AD68AF2B286EEB00ED54E1 /* HomeExperienceType.swift in Sources */ = {isa = PBXBuildFile; fileRef = 03AD68AE2B286EEB00ED54E1 /* HomeExperienceType.swift */; };
		03C7A65D2B452131000F1E39 /* HomeCategoryView.swift in Sources */ = {isa = PBXBuildFile; fileRef = 03C7A65C2B452131000F1E39 /* HomeCategoryView.swift */; };
		03C7A6612B453FD3000F1E39 /* SearchViewController.swift in Sources */ = {isa = PBXBuildFile; fileRef = 03C7A6602B453FD3000F1E39 /* SearchViewController.swift */; };
		03C7A6642B45617E000F1E39 /* SearchResultView.swift in Sources */ = {isa = PBXBuildFile; fileRef = 03C7A6632B45617E000F1E39 /* SearchResultView.swift */; };
		03C7A6672B456230000F1E39 /* SearchViewModel.swift in Sources */ = {isa = PBXBuildFile; fileRef = 03C7A6662B456230000F1E39 /* SearchViewModel.swift */; };
		03C7A6692B456654000F1E39 /* RecentSearchView.swift in Sources */ = {isa = PBXBuildFile; fileRef = 03C7A6682B456654000F1E39 /* RecentSearchView.swift */; };
		03C7A66C2B4567AC000F1E39 /* RecentSearchCollectionViewCell.swift in Sources */ = {isa = PBXBuildFile; fileRef = 03C7A66B2B4567AC000F1E39 /* RecentSearchCollectionViewCell.swift */; };
		03C7A66F2B456A45000F1E39 /* RecentSearchModel.swift in Sources */ = {isa = PBXBuildFile; fileRef = 03C7A66E2B456A45000F1E39 /* RecentSearchModel.swift */; };
		03C7A6722B459EEB000F1E39 /* RxGesture in Frameworks */ = {isa = PBXBuildFile; productRef = 03C7A6712B459EEB000F1E39 /* RxGesture */; };
		03C7A6742B45A8E3000F1E39 /* SearchTextFieldView.swift in Sources */ = {isa = PBXBuildFile; fileRef = 03C7A6732B45A8E2000F1E39 /* SearchTextFieldView.swift */; };
		9515EF642B515FE300C4E1AA /* AgreementToTermsViewController.swift in Sources */ = {isa = PBXBuildFile; fileRef = 9515EF632B515FE300C4E1AA /* AgreementToTermsViewController.swift */; };
		9515EF662B51600800C4E1AA /* AgreementOfTermsView.swift in Sources */ = {isa = PBXBuildFile; fileRef = 9515EF652B51600800C4E1AA /* AgreementOfTermsView.swift */; };
		9515EF682B5421AE00C4E1AA /* TermsDetailsPopUpViewController.swift in Sources */ = {isa = PBXBuildFile; fileRef = 9515EF672B5421AE00C4E1AA /* TermsDetailsPopUpViewController.swift */; };
		9515EF6A2B54264B00C4E1AA /* TermsDetailsPopUpView.swift in Sources */ = {isa = PBXBuildFile; fileRef = 9515EF692B54264B00C4E1AA /* TermsDetailsPopUpView.swift */; };
		9515EF6E2B58640700C4E1AA /* FAQViewController.swift in Sources */ = {isa = PBXBuildFile; fileRef = 9515EF6D2B58640700C4E1AA /* FAQViewController.swift */; };
		9515EF722B58643F00C4E1AA /* FAQView.swift in Sources */ = {isa = PBXBuildFile; fileRef = 9515EF712B58643F00C4E1AA /* FAQView.swift */; };
		9515EF772B58783000C4E1AA /* AbhayaLibre-ExtraBold.ttf in Resources */ = {isa = PBXBuildFile; fileRef = 9515EF762B58783000C4E1AA /* AbhayaLibre-ExtraBold.ttf */; };
		9515EF7C2B5894B300C4E1AA /* FAQType.swift in Sources */ = {isa = PBXBuildFile; fileRef = 9515EF7B2B5894B300C4E1AA /* FAQType.swift */; };
		9515EF7E2B59A14900C4E1AA /* FAQTableViewCell.swift in Sources */ = {isa = PBXBuildFile; fileRef = 9515EF7D2B59A14900C4E1AA /* FAQTableViewCell.swift */; };
		9515EF802B5C63C100C4E1AA /* AccountSettingsViewController.swift in Sources */ = {isa = PBXBuildFile; fileRef = 9515EF7F2B5C63C100C4E1AA /* AccountSettingsViewController.swift */; };
		9515EF822B5C648500C4E1AA /* AccountSettingsView.swift in Sources */ = {isa = PBXBuildFile; fileRef = 9515EF812B5C648500C4E1AA /* AccountSettingsView.swift */; };
		9515EF842B5D2BF500C4E1AA /* WithdrawalViewController.swift in Sources */ = {isa = PBXBuildFile; fileRef = 9515EF832B5D2BF500C4E1AA /* WithdrawalViewController.swift */; };
		9515EF862B5D2C2600C4E1AA /* WithdrawalView.swift in Sources */ = {isa = PBXBuildFile; fileRef = 9515EF852B5D2C2600C4E1AA /* WithdrawalView.swift */; };
		954E45BC2B20AEBE00D12242 /* AuthHeaderView.swift in Sources */ = {isa = PBXBuildFile; fileRef = 954E45BB2B20AEBE00D12242 /* AuthHeaderView.swift */; };
		954E45BE2B2109D400D12242 /* CustomTextFieldView.swift in Sources */ = {isa = PBXBuildFile; fileRef = 954E45BD2B2109D400D12242 /* CustomTextFieldView.swift */; };
		95748DCE2B25FAB4004157E0 /* LoginViewController.swift in Sources */ = {isa = PBXBuildFile; fileRef = 95748DCD2B25FAB4004157E0 /* LoginViewController.swift */; };
		95748DD02B25FABF004157E0 /* PhoneNumberVerificationViewController.swift in Sources */ = {isa = PBXBuildFile; fileRef = 95748DCF2B25FABF004157E0 /* PhoneNumberVerificationViewController.swift */; };
		95748DD22B25FF6D004157E0 /* LoginView.swift in Sources */ = {isa = PBXBuildFile; fileRef = 95748DD12B25FF6D004157E0 /* LoginView.swift */; };
		95748DD42B26096A004157E0 /* PhoneNumberVerificationView.swift in Sources */ = {isa = PBXBuildFile; fileRef = 95748DD32B26096A004157E0 /* PhoneNumberVerificationView.swift */; };
		95748DD62B2D9CED004157E0 /* LoginCompletionViewController.swift in Sources */ = {isa = PBXBuildFile; fileRef = 95748DD52B2D9CED004157E0 /* LoginCompletionViewController.swift */; };
		95748DD82B2D9D86004157E0 /* SignUpCompletionViewController.swift in Sources */ = {isa = PBXBuildFile; fileRef = 95748DD72B2D9D86004157E0 /* SignUpCompletionViewController.swift */; };
		95748DDA2B2D9DC6004157E0 /* AuthCompletionView.swift in Sources */ = {isa = PBXBuildFile; fileRef = 95748DD92B2D9DC6004157E0 /* AuthCompletionView.swift */; };
		95748DDC2B35810C004157E0 /* ProfileEntryViewController.swift in Sources */ = {isa = PBXBuildFile; fileRef = 95748DDB2B35810C004157E0 /* ProfileEntryViewController.swift */; };
		95748DDE2B358190004157E0 /* ProfileEntryView.swift in Sources */ = {isa = PBXBuildFile; fileRef = 95748DDD2B358190004157E0 /* ProfileEntryView.swift */; };
		95748DE02B359802004157E0 /* CustomButton.swift in Sources */ = {isa = PBXBuildFile; fileRef = 95748DDF2B359802004157E0 /* CustomButton.swift */; };
		95748DE52B35A95F004157E0 /* GenderType.swift in Sources */ = {isa = PBXBuildFile; fileRef = 95748DE42B35A95F004157E0 /* GenderType.swift */; };
		A42C32562B26C6AE00C4B477 /* ExperienceDetailViewController.swift in Sources */ = {isa = PBXBuildFile; fileRef = A42C32552B26C6AE00C4B477 /* ExperienceDetailViewController.swift */; };
		A42C325A2B26C6C800C4B477 /* GuideDetailView.swift in Sources */ = {isa = PBXBuildFile; fileRef = A42C32572B26C6C800C4B477 /* GuideDetailView.swift */; };
		A42C325B2B26C6C800C4B477 /* ExplainDetailView.swift in Sources */ = {isa = PBXBuildFile; fileRef = A42C32582B26C6C800C4B477 /* ExplainDetailView.swift */; };
		A42C325C2B26C6C800C4B477 /* ExperienceDetailView.swift in Sources */ = {isa = PBXBuildFile; fileRef = A42C32592B26C6C800C4B477 /* ExperienceDetailView.swift */; };
		A42C325F2B26C6D400C4B477 /* ExplainTableViewCell.swift in Sources */ = {isa = PBXBuildFile; fileRef = A42C325D2B26C6D400C4B477 /* ExplainTableViewCell.swift */; };
		A42C32602B26C6D400C4B477 /* ExperienceImageCollectionViewCell.swift in Sources */ = {isa = PBXBuildFile; fileRef = A42C325E2B26C6D400C4B477 /* ExperienceImageCollectionViewCell.swift */; };
		A42C32662B3040FA00C4B477 /* ExperienceLetterView.swift in Sources */ = {isa = PBXBuildFile; fileRef = A42C32652B3040FA00C4B477 /* ExperienceLetterView.swift */; };
		A42C32682B30410900C4B477 /* ExperienceLetterViewController.swift in Sources */ = {isa = PBXBuildFile; fileRef = A42C32672B30410900C4B477 /* ExperienceLetterViewController.swift */; };
		A42C33672B416AE300C4B477 /* ExperienceGiftView.swift in Sources */ = {isa = PBXBuildFile; fileRef = A42C33662B416AE300C4B477 /* ExperienceGiftView.swift */; };
		A42C33692B416B3E00C4B477 /* TimeCollectionViewCell.swift in Sources */ = {isa = PBXBuildFile; fileRef = A42C33682B416B3E00C4B477 /* TimeCollectionViewCell.swift */; };
		A431BE552B1A24F90049C126 /* (null) in Sources */ = {isa = PBXBuildFile; };
		A431BE582B1A25180049C126 /* (null) in Sources */ = {isa = PBXBuildFile; };
		A431BE5E2B1AFAF90049C126 /* UICollectionViewRegisterable.swift in Sources */ = {isa = PBXBuildFile; fileRef = A431BE5D2B1AFAF90049C126 /* UICollectionViewRegisterable.swift */; };
		A431BE602B1AFB160049C126 /* UITableViewRegisterable.swift in Sources */ = {isa = PBXBuildFile; fileRef = A431BE5F2B1AFB160049C126 /* UITableViewRegisterable.swift */; };
		A431BE772B1EEF4A0049C126 /* ExperienceGiftViewController.swift in Sources */ = {isa = PBXBuildFile; fileRef = A431BE762B1EEF4A0049C126 /* ExperienceGiftViewController.swift */; };
/* End PBXBuildFile section */

/* Begin PBXFileReference section */
		03115F902B271BD5009D1517 /* HomeRecommendViewController.swift */ = {isa = PBXFileReference; lastKnownFileType = sourcecode.swift; path = HomeRecommendViewController.swift; sourceTree = "<group>"; };
		03115F952B271F12009D1517 /* HomeRecommendView.swift */ = {isa = PBXFileReference; lastKnownFileType = sourcecode.swift; path = HomeRecommendView.swift; sourceTree = "<group>"; };
		032212A22B14AAFD00FF5CF1 /* ShallWe.app */ = {isa = PBXFileReference; explicitFileType = wrapper.application; includeInIndex = 0; path = ShallWe.app; sourceTree = BUILT_PRODUCTS_DIR; };
		032212A52B14AAFD00FF5CF1 /* AppDelegate.swift */ = {isa = PBXFileReference; lastKnownFileType = sourcecode.swift; path = AppDelegate.swift; sourceTree = "<group>"; };
		032212A72B14AAFD00FF5CF1 /* SceneDelegate.swift */ = {isa = PBXFileReference; lastKnownFileType = sourcecode.swift; path = SceneDelegate.swift; sourceTree = "<group>"; };
		032212AE2B14AAFF00FF5CF1 /* Assets.xcassets */ = {isa = PBXFileReference; lastKnownFileType = folder.assetcatalog; path = Assets.xcassets; sourceTree = "<group>"; };
		032212B12B14AAFF00FF5CF1 /* Base */ = {isa = PBXFileReference; lastKnownFileType = file.storyboard; name = Base; path = Base.lproj/LaunchScreen.storyboard; sourceTree = "<group>"; };
		032212B32B14AAFF00FF5CF1 /* Info.plist */ = {isa = PBXFileReference; lastKnownFileType = text.plist.xml; path = Info.plist; sourceTree = "<group>"; };
		032212E02B14B01F00FF5CF1 /* DTO.swift */ = {isa = PBXFileReference; lastKnownFileType = sourcecode.swift; path = DTO.swift; sourceTree = "<group>"; };
		032212E62B14B07C00FF5CF1 /* GeneralResponse.swift */ = {isa = PBXFileReference; lastKnownFileType = sourcecode.swift; path = GeneralResponse.swift; sourceTree = "<group>"; };
		032212F02B14B17600FF5CF1 /* MakeVibrate.swift */ = {isa = PBXFileReference; lastKnownFileType = sourcecode.swift; path = MakeVibrate.swift; sourceTree = "<group>"; };
		032212F22B14B18500FF5CF1 /* MakeAlert.swift */ = {isa = PBXFileReference; lastKnownFileType = sourcecode.swift; path = MakeAlert.swift; sourceTree = "<group>"; };
		032212F62B14B1B900FF5CF1 /* Protocol.swift */ = {isa = PBXFileReference; lastKnownFileType = sourcecode.swift; path = Protocol.swift; sourceTree = "<group>"; };
		032212F82B14B1C800FF5CF1 /* String+.swift */ = {isa = PBXFileReference; lastKnownFileType = sourcecode.swift; path = "String+.swift"; sourceTree = "<group>"; };
		032212FA2B14B1D600FF5CF1 /* NSObject+.swift */ = {isa = PBXFileReference; lastKnownFileType = sourcecode.swift; path = "NSObject+.swift"; sourceTree = "<group>"; };
		032212FC2B14B1E000FF5CF1 /* UIView+.swift */ = {isa = PBXFileReference; lastKnownFileType = sourcecode.swift; path = "UIView+.swift"; sourceTree = "<group>"; };
		032212FE2B14B20D00FF5CF1 /* UIResponder+.swift */ = {isa = PBXFileReference; lastKnownFileType = sourcecode.swift; path = "UIResponder+.swift"; sourceTree = "<group>"; };
		032213002B14B21700FF5CF1 /* UIColor+.swift */ = {isa = PBXFileReference; lastKnownFileType = sourcecode.swift; path = "UIColor+.swift"; sourceTree = "<group>"; };
		032213022B14B22500FF5CF1 /* UIImage+.swift */ = {isa = PBXFileReference; lastKnownFileType = sourcecode.swift; path = "UIImage+.swift"; sourceTree = "<group>"; };
		032213042B14B23000FF5CF1 /* UIViewController+.swift */ = {isa = PBXFileReference; lastKnownFileType = sourcecode.swift; path = "UIViewController+.swift"; sourceTree = "<group>"; };
		032213062B14B24500FF5CF1 /* UITextField+.swift */ = {isa = PBXFileReference; lastKnownFileType = sourcecode.swift; path = "UITextField+.swift"; sourceTree = "<group>"; };
		032213082B14B24F00FF5CF1 /* UITextView+.swift */ = {isa = PBXFileReference; lastKnownFileType = sourcecode.swift; path = "UITextView+.swift"; sourceTree = "<group>"; };
		0322130A2B14B25900FF5CF1 /* UIStackView+.swift */ = {isa = PBXFileReference; lastKnownFileType = sourcecode.swift; path = "UIStackView+.swift"; sourceTree = "<group>"; };
		0322130C2B14B26400FF5CF1 /* UILabel+.swift */ = {isa = PBXFileReference; lastKnownFileType = sourcecode.swift; path = "UILabel+.swift"; sourceTree = "<group>"; };
		0322130E2B14B27B00FF5CF1 /* UITableView+.swift */ = {isa = PBXFileReference; lastKnownFileType = sourcecode.swift; path = "UITableView+.swift"; sourceTree = "<group>"; };
		032213102B14B28600FF5CF1 /* UITabBar+.swift */ = {isa = PBXFileReference; lastKnownFileType = sourcecode.swift; path = "UITabBar+.swift"; sourceTree = "<group>"; };
		032213122B14B29200FF5CF1 /* UIButton+.swift */ = {isa = PBXFileReference; lastKnownFileType = sourcecode.swift; path = "UIButton+.swift"; sourceTree = "<group>"; };
		032213142B14B2EA00FF5CF1 /* API.swift */ = {isa = PBXFileReference; lastKnownFileType = sourcecode.swift; path = API.swift; sourceTree = "<group>"; };
		032213162B14B2F800FF5CF1 /* NetworkLoggerPlugin.swift */ = {isa = PBXFileReference; lastKnownFileType = sourcecode.swift; path = NetworkLoggerPlugin.swift; sourceTree = "<group>"; };
		032213182B14B30A00FF5CF1 /* Config.swift */ = {isa = PBXFileReference; lastKnownFileType = sourcecode.swift; path = Config.swift; sourceTree = "<group>"; };
		0322131A2B14B31E00FF5CF1 /* APIConstant.swift */ = {isa = PBXFileReference; lastKnownFileType = sourcecode.swift; path = APIConstant.swift; sourceTree = "<group>"; };
		0322131C2B14B32B00FF5CF1 /* URLConstant.swift */ = {isa = PBXFileReference; lastKnownFileType = sourcecode.swift; path = URLConstant.swift; sourceTree = "<group>"; };
		0322131F2B14B75100FF5CF1 /* APIService.swift */ = {isa = PBXFileReference; lastKnownFileType = sourcecode.swift; path = APIService.swift; sourceTree = "<group>"; };
		032213272B14B89700FF5CF1 /* ColorLiterals.swift */ = {isa = PBXFileReference; lastKnownFileType = sourcecode.swift; path = ColorLiterals.swift; sourceTree = "<group>"; };
		032213292B14B9E800FF5CF1 /* FontLiterals.swift */ = {isa = PBXFileReference; lastKnownFileType = sourcecode.swift; path = FontLiterals.swift; sourceTree = "<group>"; };
		0322132B2B14B9F500FF5CF1 /* ImageLiterals.swift */ = {isa = PBXFileReference; lastKnownFileType = sourcecode.swift; path = ImageLiterals.swift; sourceTree = "<group>"; };
		0322132D2B14B9FD00FF5CF1 /* SizeLiterals.swift */ = {isa = PBXFileReference; lastKnownFileType = sourcecode.swift; path = SizeLiterals.swift; sourceTree = "<group>"; };
		0322132F2B14BA0F00FF5CF1 /* StringLiterals.swift */ = {isa = PBXFileReference; lastKnownFileType = sourcecode.swift; path = StringLiterals.swift; sourceTree = "<group>"; };
		032213332B15E3B800FF5CF1 /* AppleSDGothicNeoR.ttf */ = {isa = PBXFileReference; lastKnownFileType = file; path = AppleSDGothicNeoR.ttf; sourceTree = "<group>"; };
		032213352B15E3C200FF5CF1 /* AppleSDGothicNeoM.ttf */ = {isa = PBXFileReference; lastKnownFileType = file; path = AppleSDGothicNeoM.ttf; sourceTree = "<group>"; };
		032213372B15E3CC00FF5CF1 /* AppleSDGothicNeoSB.ttf */ = {isa = PBXFileReference; lastKnownFileType = file; path = AppleSDGothicNeoSB.ttf; sourceTree = "<group>"; };
		032213392B15E3D700FF5CF1 /* AppleSDGothicNeoB.ttf */ = {isa = PBXFileReference; lastKnownFileType = file; path = AppleSDGothicNeoB.ttf; sourceTree = "<group>"; };
		0322133B2B15E3E000FF5CF1 /* AppleSDGothicNeoEB.ttf */ = {isa = PBXFileReference; lastKnownFileType = file; path = AppleSDGothicNeoEB.ttf; sourceTree = "<group>"; };
		032213692B15F60800FF5CF1 /* Image.xcassets */ = {isa = PBXFileReference; lastKnownFileType = folder.assetcatalog; path = Image.xcassets; sourceTree = "<group>"; };
		0322136C2B15F8C200FF5CF1 /* TabBarController.swift */ = {isa = PBXFileReference; lastKnownFileType = sourcecode.swift; path = TabBarController.swift; sourceTree = "<group>"; };
		0322136E2B15F8CF00FF5CF1 /* TabBarItem.swift */ = {isa = PBXFileReference; lastKnownFileType = sourcecode.swift; path = TabBarItem.swift; sourceTree = "<group>"; };
		032213752B15FA2D00FF5CF1 /* HomeViewController.swift */ = {isa = PBXFileReference; lastKnownFileType = sourcecode.swift; path = HomeViewController.swift; sourceTree = "<group>"; };
		032213772B15FA3500FF5CF1 /* MypageViewController.swift */ = {isa = PBXFileReference; lastKnownFileType = sourcecode.swift; path = MypageViewController.swift; sourceTree = "<group>"; };
		032213852B1B2A8D00FF5CF1 /* BaseViewController.swift */ = {isa = PBXFileReference; lastKnownFileType = sourcecode.swift; path = BaseViewController.swift; sourceTree = "<group>"; };
		032213882B1B2ADC00FF5CF1 /* BaseView.swift */ = {isa = PBXFileReference; lastKnownFileType = sourcecode.swift; path = BaseView.swift; sourceTree = "<group>"; };
		0322138A2B1B2B5100FF5CF1 /* CustomNavigationBar.swift */ = {isa = PBXFileReference; lastKnownFileType = sourcecode.swift; path = CustomNavigationBar.swift; sourceTree = "<group>"; };
		032213902B1B2EBB00FF5CF1 /* SearchView.swift */ = {isa = PBXFileReference; lastKnownFileType = sourcecode.swift; path = SearchView.swift; sourceTree = "<group>"; };
		032213932B1B6D1D00FF5CF1 /* HomeGalleryCell.swift */ = {isa = PBXFileReference; lastKnownFileType = sourcecode.swift; path = HomeGalleryCell.swift; sourceTree = "<group>"; };
		032213952B1B6D9200FF5CF1 /* HomeRecommendCell.swift */ = {isa = PBXFileReference; lastKnownFileType = sourcecode.swift; path = HomeRecommendCell.swift; sourceTree = "<group>"; };
		032213972B1B6DEA00FF5CF1 /* HomePopularCategoryCell.swift */ = {isa = PBXFileReference; lastKnownFileType = sourcecode.swift; path = HomePopularCategoryCell.swift; sourceTree = "<group>"; };
		032213992B1B6ED300FF5CF1 /* HomeExperienceCell.swift */ = {isa = PBXFileReference; lastKnownFileType = sourcecode.swift; path = HomeExperienceCell.swift; sourceTree = "<group>"; };
		0322139B2B1B8B3100FF5CF1 /* HomeHeaderView.swift */ = {isa = PBXFileReference; lastKnownFileType = sourcecode.swift; path = HomeHeaderView.swift; sourceTree = "<group>"; };
		0322139D2B1B8F3200FF5CF1 /* UICollectionView+.swift */ = {isa = PBXFileReference; lastKnownFileType = sourcecode.swift; path = "UICollectionView+.swift"; sourceTree = "<group>"; };
		032213A02B1B92A000FF5CF1 /* RecommendModel.swift */ = {isa = PBXFileReference; lastKnownFileType = sourcecode.swift; path = RecommendModel.swift; sourceTree = "<group>"; };
		032213A22B1B935800FF5CF1 /* PopularCategoryModel.swift */ = {isa = PBXFileReference; lastKnownFileType = sourcecode.swift; path = PopularCategoryModel.swift; sourceTree = "<group>"; };
		032213A72B1C5E5000FF5CF1 /* HomeViewModel.swift */ = {isa = PBXFileReference; lastKnownFileType = sourcecode.swift; path = HomeViewModel.swift; sourceTree = "<group>"; };
		032213A92B20770E00FF5CF1 /* GalleryModel.swift */ = {isa = PBXFileReference; lastKnownFileType = sourcecode.swift; path = GalleryModel.swift; sourceTree = "<group>"; };
		032213AB2B20777600FF5CF1 /* HomeExperienceModel.swift */ = {isa = PBXFileReference; lastKnownFileType = sourcecode.swift; path = HomeExperienceModel.swift; sourceTree = "<group>"; };
		032213B22B20839100FF5CF1 /* GalleryFooterView.swift */ = {isa = PBXFileReference; lastKnownFileType = sourcecode.swift; path = GalleryFooterView.swift; sourceTree = "<group>"; };
		032213B42B241B3100FF5CF1 /* HomeView.swift */ = {isa = PBXFileReference; lastKnownFileType = sourcecode.swift; path = HomeView.swift; sourceTree = "<group>"; };
		0332A3A52B53F14200720CD3 /* ExperienceViewController.swift */ = {isa = PBXFileReference; lastKnownFileType = sourcecode.swift; path = ExperienceViewController.swift; sourceTree = "<group>"; };
		034011402B5CD87C00D1F371 /* SortModel.swift */ = {isa = PBXFileReference; lastKnownFileType = sourcecode.swift; path = SortModel.swift; sourceTree = "<group>"; };
		034025892B555648001F5510 /* SortHalfModal.swift */ = {isa = PBXFileReference; lastKnownFileType = sourcecode.swift; path = SortHalfModal.swift; sourceTree = "<group>"; };
		0340258B2B555B82001F5510 /* SortHalfModalCell.swift */ = {isa = PBXFileReference; lastKnownFileType = sourcecode.swift; path = SortHalfModalCell.swift; sourceTree = "<group>"; };
		9515EF632B515FE300C4E1AA /* AgreementToTermsViewController.swift */ = {isa = PBXFileReference; lastKnownFileType = sourcecode.swift; path = AgreementToTermsViewController.swift; sourceTree = "<group>"; };
		9515EF652B51600800C4E1AA /* AgreementOfTermsView.swift */ = {isa = PBXFileReference; lastKnownFileType = sourcecode.swift; path = AgreementOfTermsView.swift; sourceTree = "<group>"; };
		9515EF672B5421AE00C4E1AA /* TermsDetailsPopUpViewController.swift */ = {isa = PBXFileReference; lastKnownFileType = sourcecode.swift; path = TermsDetailsPopUpViewController.swift; sourceTree = "<group>"; };
		9515EF692B54264B00C4E1AA /* TermsDetailsPopUpView.swift */ = {isa = PBXFileReference; lastKnownFileType = sourcecode.swift; path = TermsDetailsPopUpView.swift; sourceTree = "<group>"; };
		034580692B2879F2002DDEBA /* HomeMenuCollectionViewCell.swift */ = {isa = PBXFileReference; lastKnownFileType = sourcecode.swift; path = HomeMenuCollectionViewCell.swift; sourceTree = "<group>"; };
		0345806C2B288104002DDEBA /* HomeExperienceViewModel.swift */ = {isa = PBXFileReference; lastKnownFileType = sourcecode.swift; path = HomeExperienceViewModel.swift; sourceTree = "<group>"; };
		034580712B28A3A6002DDEBA /* ExperiencePageVC.swift */ = {isa = PBXFileReference; lastKnownFileType = sourcecode.swift; path = ExperiencePageVC.swift; sourceTree = "<group>"; };
		0345807B2B28ACF6002DDEBA /* HomeExperienceListView.swift */ = {isa = PBXFileReference; lastKnownFileType = sourcecode.swift; path = HomeExperienceListView.swift; sourceTree = "<group>"; };
		034580982B37EEA1002DDEBA /* ExperienceHeader.swift */ = {isa = PBXFileReference; lastKnownFileType = sourcecode.swift; path = ExperienceHeader.swift; sourceTree = "<group>"; };
		035A9F072B42AB4B007B3F50 /* CategoryViewController.swift */ = {isa = PBXFileReference; lastKnownFileType = sourcecode.swift; path = CategoryViewController.swift; sourceTree = "<group>"; };
		035A9F0F2B448047007B3F50 /* HomeCategoryViewController.swift */ = {isa = PBXFileReference; lastKnownFileType = sourcecode.swift; path = HomeCategoryViewController.swift; sourceTree = "<group>"; };
		03AD68AE2B286EEB00ED54E1 /* HomeExperienceType.swift */ = {isa = PBXFileReference; lastKnownFileType = sourcecode.swift; path = HomeExperienceType.swift; sourceTree = "<group>"; };
		03C7A65C2B452131000F1E39 /* HomeCategoryView.swift */ = {isa = PBXFileReference; lastKnownFileType = sourcecode.swift; path = HomeCategoryView.swift; sourceTree = "<group>"; };
		03C7A6602B453FD3000F1E39 /* SearchViewController.swift */ = {isa = PBXFileReference; lastKnownFileType = sourcecode.swift; path = SearchViewController.swift; sourceTree = "<group>"; };
		03C7A6632B45617E000F1E39 /* SearchResultView.swift */ = {isa = PBXFileReference; lastKnownFileType = sourcecode.swift; path = SearchResultView.swift; sourceTree = "<group>"; };
		03C7A6662B456230000F1E39 /* SearchViewModel.swift */ = {isa = PBXFileReference; lastKnownFileType = sourcecode.swift; path = SearchViewModel.swift; sourceTree = "<group>"; };
		03C7A6682B456654000F1E39 /* RecentSearchView.swift */ = {isa = PBXFileReference; lastKnownFileType = sourcecode.swift; path = RecentSearchView.swift; sourceTree = "<group>"; };
		03C7A66B2B4567AC000F1E39 /* RecentSearchCollectionViewCell.swift */ = {isa = PBXFileReference; lastKnownFileType = sourcecode.swift; path = RecentSearchCollectionViewCell.swift; sourceTree = "<group>"; };
		03C7A66E2B456A45000F1E39 /* RecentSearchModel.swift */ = {isa = PBXFileReference; lastKnownFileType = sourcecode.swift; path = RecentSearchModel.swift; sourceTree = "<group>"; };
		03C7A6732B45A8E2000F1E39 /* SearchTextFieldView.swift */ = {isa = PBXFileReference; lastKnownFileType = sourcecode.swift; path = SearchTextFieldView.swift; sourceTree = "<group>"; };
		9515EF632B515FE300C4E1AA /* AgreementToTermsViewController.swift */ = {isa = PBXFileReference; lastKnownFileType = sourcecode.swift; path = AgreementToTermsViewController.swift; sourceTree = "<group>"; };
		9515EF652B51600800C4E1AA /* AgreementOfTermsView.swift */ = {isa = PBXFileReference; lastKnownFileType = sourcecode.swift; path = AgreementOfTermsView.swift; sourceTree = "<group>"; };
		9515EF672B5421AE00C4E1AA /* TermsDetailsPopUpViewController.swift */ = {isa = PBXFileReference; lastKnownFileType = sourcecode.swift; path = TermsDetailsPopUpViewController.swift; sourceTree = "<group>"; };
		9515EF692B54264B00C4E1AA /* TermsDetailsPopUpView.swift */ = {isa = PBXFileReference; lastKnownFileType = sourcecode.swift; path = TermsDetailsPopUpView.swift; sourceTree = "<group>"; };
		9515EF6D2B58640700C4E1AA /* FAQViewController.swift */ = {isa = PBXFileReference; lastKnownFileType = sourcecode.swift; path = FAQViewController.swift; sourceTree = "<group>"; };
		9515EF712B58643F00C4E1AA /* FAQView.swift */ = {isa = PBXFileReference; lastKnownFileType = sourcecode.swift; path = FAQView.swift; sourceTree = "<group>"; };
		9515EF762B58783000C4E1AA /* AbhayaLibre-ExtraBold.ttf */ = {isa = PBXFileReference; lastKnownFileType = file; path = "AbhayaLibre-ExtraBold.ttf"; sourceTree = "<group>"; };
		9515EF7B2B5894B300C4E1AA /* FAQType.swift */ = {isa = PBXFileReference; lastKnownFileType = sourcecode.swift; path = FAQType.swift; sourceTree = "<group>"; };
		9515EF7D2B59A14900C4E1AA /* FAQTableViewCell.swift */ = {isa = PBXFileReference; lastKnownFileType = sourcecode.swift; path = FAQTableViewCell.swift; sourceTree = "<group>"; };
		9515EF7F2B5C63C100C4E1AA /* AccountSettingsViewController.swift */ = {isa = PBXFileReference; lastKnownFileType = sourcecode.swift; path = AccountSettingsViewController.swift; sourceTree = "<group>"; };
		9515EF812B5C648500C4E1AA /* AccountSettingsView.swift */ = {isa = PBXFileReference; lastKnownFileType = sourcecode.swift; path = AccountSettingsView.swift; sourceTree = "<group>"; };
		9515EF832B5D2BF500C4E1AA /* WithdrawalViewController.swift */ = {isa = PBXFileReference; lastKnownFileType = sourcecode.swift; path = WithdrawalViewController.swift; sourceTree = "<group>"; };
		9515EF852B5D2C2600C4E1AA /* WithdrawalView.swift */ = {isa = PBXFileReference; lastKnownFileType = sourcecode.swift; path = WithdrawalView.swift; sourceTree = "<group>"; };
		954E45BB2B20AEBE00D12242 /* AuthHeaderView.swift */ = {isa = PBXFileReference; lastKnownFileType = sourcecode.swift; path = AuthHeaderView.swift; sourceTree = "<group>"; };
		954E45BD2B2109D400D12242 /* CustomTextFieldView.swift */ = {isa = PBXFileReference; lastKnownFileType = sourcecode.swift; path = CustomTextFieldView.swift; sourceTree = "<group>"; };
		95748DCD2B25FAB4004157E0 /* LoginViewController.swift */ = {isa = PBXFileReference; fileEncoding = 4; lastKnownFileType = sourcecode.swift; path = LoginViewController.swift; sourceTree = "<group>"; };
		95748DCF2B25FABF004157E0 /* PhoneNumberVerificationViewController.swift */ = {isa = PBXFileReference; fileEncoding = 4; lastKnownFileType = sourcecode.swift; path = PhoneNumberVerificationViewController.swift; sourceTree = "<group>"; };
		95748DD12B25FF6D004157E0 /* LoginView.swift */ = {isa = PBXFileReference; lastKnownFileType = sourcecode.swift; path = LoginView.swift; sourceTree = "<group>"; };
		95748DD32B26096A004157E0 /* PhoneNumberVerificationView.swift */ = {isa = PBXFileReference; lastKnownFileType = sourcecode.swift; path = PhoneNumberVerificationView.swift; sourceTree = "<group>"; };
		95748DD52B2D9CED004157E0 /* LoginCompletionViewController.swift */ = {isa = PBXFileReference; lastKnownFileType = sourcecode.swift; path = LoginCompletionViewController.swift; sourceTree = "<group>"; };
		95748DD72B2D9D86004157E0 /* SignUpCompletionViewController.swift */ = {isa = PBXFileReference; lastKnownFileType = sourcecode.swift; path = SignUpCompletionViewController.swift; sourceTree = "<group>"; };
		95748DD92B2D9DC6004157E0 /* AuthCompletionView.swift */ = {isa = PBXFileReference; lastKnownFileType = sourcecode.swift; path = AuthCompletionView.swift; sourceTree = "<group>"; };
		95748DDB2B35810C004157E0 /* ProfileEntryViewController.swift */ = {isa = PBXFileReference; lastKnownFileType = sourcecode.swift; path = ProfileEntryViewController.swift; sourceTree = "<group>"; };
		95748DDD2B358190004157E0 /* ProfileEntryView.swift */ = {isa = PBXFileReference; lastKnownFileType = sourcecode.swift; path = ProfileEntryView.swift; sourceTree = "<group>"; };
		95748DDF2B359802004157E0 /* CustomButton.swift */ = {isa = PBXFileReference; lastKnownFileType = sourcecode.swift; path = CustomButton.swift; sourceTree = "<group>"; };
		95748DE42B35A95F004157E0 /* GenderType.swift */ = {isa = PBXFileReference; lastKnownFileType = sourcecode.swift; path = GenderType.swift; sourceTree = "<group>"; };
		A42C32552B26C6AE00C4B477 /* ExperienceDetailViewController.swift */ = {isa = PBXFileReference; lastKnownFileType = sourcecode.swift; path = ExperienceDetailViewController.swift; sourceTree = "<group>"; };
		A42C32572B26C6C800C4B477 /* GuideDetailView.swift */ = {isa = PBXFileReference; fileEncoding = 4; lastKnownFileType = sourcecode.swift; path = GuideDetailView.swift; sourceTree = "<group>"; };
		A42C32582B26C6C800C4B477 /* ExplainDetailView.swift */ = {isa = PBXFileReference; fileEncoding = 4; lastKnownFileType = sourcecode.swift; path = ExplainDetailView.swift; sourceTree = "<group>"; };
		A42C32592B26C6C800C4B477 /* ExperienceDetailView.swift */ = {isa = PBXFileReference; fileEncoding = 4; lastKnownFileType = sourcecode.swift; path = ExperienceDetailView.swift; sourceTree = "<group>"; };
		A42C325D2B26C6D400C4B477 /* ExplainTableViewCell.swift */ = {isa = PBXFileReference; fileEncoding = 4; lastKnownFileType = sourcecode.swift; path = ExplainTableViewCell.swift; sourceTree = "<group>"; };
		A42C325E2B26C6D400C4B477 /* ExperienceImageCollectionViewCell.swift */ = {isa = PBXFileReference; fileEncoding = 4; lastKnownFileType = sourcecode.swift; path = ExperienceImageCollectionViewCell.swift; sourceTree = "<group>"; };
		A42C32652B3040FA00C4B477 /* ExperienceLetterView.swift */ = {isa = PBXFileReference; lastKnownFileType = sourcecode.swift; path = ExperienceLetterView.swift; sourceTree = "<group>"; };
		A42C32672B30410900C4B477 /* ExperienceLetterViewController.swift */ = {isa = PBXFileReference; lastKnownFileType = sourcecode.swift; path = ExperienceLetterViewController.swift; sourceTree = "<group>"; };
		A42C33662B416AE300C4B477 /* ExperienceGiftView.swift */ = {isa = PBXFileReference; lastKnownFileType = sourcecode.swift; path = ExperienceGiftView.swift; sourceTree = "<group>"; };
		A42C33682B416B3E00C4B477 /* TimeCollectionViewCell.swift */ = {isa = PBXFileReference; lastKnownFileType = sourcecode.swift; path = TimeCollectionViewCell.swift; sourceTree = "<group>"; };
		A431BE5D2B1AFAF90049C126 /* UICollectionViewRegisterable.swift */ = {isa = PBXFileReference; lastKnownFileType = sourcecode.swift; path = UICollectionViewRegisterable.swift; sourceTree = "<group>"; };
		A431BE5F2B1AFB160049C126 /* UITableViewRegisterable.swift */ = {isa = PBXFileReference; lastKnownFileType = sourcecode.swift; path = UITableViewRegisterable.swift; sourceTree = "<group>"; };
		A431BE762B1EEF4A0049C126 /* ExperienceGiftViewController.swift */ = {isa = PBXFileReference; lastKnownFileType = sourcecode.swift; path = ExperienceGiftViewController.swift; sourceTree = "<group>"; };
/* End PBXFileReference section */

/* Begin PBXFrameworksBuildPhase section */
		0322129F2B14AAFD00FF5CF1 /* Frameworks */ = {
			isa = PBXFrameworksBuildPhase;
			buildActionMask = 2147483647;
			files = (
				032212D02B14AD8200FF5CF1 /* Alamofire in Frameworks */,
				034580952B2F356C002DDEBA /* DropDown in Frameworks */,
				03C7A6722B459EEB000F1E39 /* RxGesture in Frameworks */,
				032212DD2B14AE7600FF5CF1 /* Lottie in Frameworks */,
				032212D62B14AE4100FF5CF1 /* KakaoSDK in Frameworks */,
				032212C92B14AD6800FF5CF1 /* RxCocoa in Frameworks */,
				032212C62B14AD4900FF5CF1 /* RxMoya in Frameworks */,
				032212D32B14AD9000FF5CF1 /* FSCalendar in Frameworks */,
				032212CB2B14AD6800FF5CF1 /* RxRelay in Frameworks */,
				032212C12B14AD2E00FF5CF1 /* Kingfisher in Frameworks */,
				032212BB2B14ACF800FF5CF1 /* SnapKit in Frameworks */,
				032212DA2B14AE4100FF5CF1 /* KakaoSDKUser in Frameworks */,
				032212C42B14AD4900FF5CF1 /* Moya in Frameworks */,
				032212CD2B14AD6800FF5CF1 /* RxSwift in Frameworks */,
				032212BE2B14AD0400FF5CF1 /* Then in Frameworks */,
				032212D82B14AE4100FF5CF1 /* KakaoSDKAuth in Frameworks */,
			);
			runOnlyForDeploymentPostprocessing = 0;
		};
/* End PBXFrameworksBuildPhase section */

/* Begin PBXGroup section */
		03115F8D2B271B8B009D1517 /* Main */ = {
			isa = PBXGroup;
			children = (
				032213712B15FA0100FF5CF1 /* Home */,
				03115F8E2B271B9C009D1517 /* Experience */,
				03C7A65E2B453F59000F1E39 /* Search */,
				032213702B15F9FA00FF5CF1 /* Category */,
			);
			path = Main;
			sourceTree = "<group>";
		};
		03115F8E2B271B9C009D1517 /* Experience */ = {
			isa = PBXGroup;
			children = (
				0345806B2B2880F0002DDEBA /* ViewModels */,
				03AD68AD2B286EC300ED54E1 /* Models */,
				03115F922B271CF4009D1517 /* Views */,
				03115F8F2B271BB8009D1517 /* ViewControllers */,
				034580682B2879CF002DDEBA /* Cells */,
			);
			path = Experience;
			sourceTree = "<group>";
		};
		03115F8F2B271BB8009D1517 /* ViewControllers */ = {
			isa = PBXGroup;
			children = (
				0332A3A42B53EFAD00720CD3 /* Experience */,
				035A9F0E2B448023007B3F50 /* Category */,
				035A9F0D2B448016007B3F50 /* Recommend */,
			);
			path = ViewControllers;
			sourceTree = "<group>";
		};
		03115F922B271CF4009D1517 /* Views */ = {
			isa = PBXGroup;
			children = (
				03115F952B271F12009D1517 /* HomeRecommendView.swift */,
				03C7A65C2B452131000F1E39 /* HomeCategoryView.swift */,
				0345807B2B28ACF6002DDEBA /* HomeExperienceListView.swift */,
				034580982B37EEA1002DDEBA /* ExperienceHeader.swift */,
			);
			path = Views;
			sourceTree = "<group>";
		};
		032212992B14AAFD00FF5CF1 = {
			isa = PBXGroup;
			children = (
				032212A42B14AAFD00FF5CF1 /* ShallWe */,
				032212A32B14AAFD00FF5CF1 /* Products */,
			);
			sourceTree = "<group>";
		};
		032212A32B14AAFD00FF5CF1 /* Products */ = {
			isa = PBXGroup;
			children = (
				032212A22B14AAFD00FF5CF1 /* ShallWe.app */,
			);
			name = Products;
			sourceTree = "<group>";
		};
		032212A42B14AAFD00FF5CF1 /* ShallWe */ = {
			isa = PBXGroup;
			children = (
				032212DE2B14AFFD00FF5CF1 /* Application */,
				032212DF2B14B00B00FF5CF1 /* Data */,
				032212E22B14B02300FF5CF1 /* Network */,
				032212E82B14B0B200FF5CF1 /* Presentation */,
				032212E92B14B0BD00FF5CF1 /* Global */,
				032212B32B14AAFF00FF5CF1 /* Info.plist */,
			);
			path = ShallWe;
			sourceTree = "<group>";
		};
		032212DE2B14AFFD00FF5CF1 /* Application */ = {
			isa = PBXGroup;
			children = (
				032212A52B14AAFD00FF5CF1 /* AppDelegate.swift */,
				032212A72B14AAFD00FF5CF1 /* SceneDelegate.swift */,
			);
			path = Application;
			sourceTree = "<group>";
		};
		032212DF2B14B00B00FF5CF1 /* Data */ = {
			isa = PBXGroup;
			children = (
				032212E02B14B01F00FF5CF1 /* DTO.swift */,
			);
			path = Data;
			sourceTree = "<group>";
		};
		032212E22B14B02300FF5CF1 /* Network */ = {
			isa = PBXGroup;
			children = (
				032212E32B14B04600FF5CF1 /* API */,
				0322131E2B14B73500FF5CF1 /* APIService */,
				032212E42B14B04A00FF5CF1 /* Base */,
				032212E52B14B05900FF5CF1 /* Enviornment */,
			);
			path = Network;
			sourceTree = "<group>";
		};
		032212E32B14B04600FF5CF1 /* API */ = {
			isa = PBXGroup;
			children = (
				032213142B14B2EA00FF5CF1 /* API.swift */,
			);
			path = API;
			sourceTree = "<group>";
		};
		032212E42B14B04A00FF5CF1 /* Base */ = {
			isa = PBXGroup;
			children = (
				032212E62B14B07C00FF5CF1 /* GeneralResponse.swift */,
				032213162B14B2F800FF5CF1 /* NetworkLoggerPlugin.swift */,
				0322131A2B14B31E00FF5CF1 /* APIConstant.swift */,
				0322131C2B14B32B00FF5CF1 /* URLConstant.swift */,
			);
			path = Base;
			sourceTree = "<group>";
		};
		032212E52B14B05900FF5CF1 /* Enviornment */ = {
			isa = PBXGroup;
			children = (
				032213182B14B30A00FF5CF1 /* Config.swift */,
			);
			path = Enviornment;
			sourceTree = "<group>";
		};
		032212E82B14B0B200FF5CF1 /* Presentation */ = {
			isa = PBXGroup;
			children = (
				9515EF6C2B5863F300C4E1AA /* FAQ */,
				954E45B42B1E5C2800D12242 /* Auth */,
				032213832B1B2A7900FF5CF1 /* Common */,
				03115F8D2B271B8B009D1517 /* Main */,
				A431BE7A2B2335510049C126 /* ExperienceScene */,
				032213722B15FA0500FF5CF1 /* Mypage */,
				0322136B2B15F8B400FF5CF1 /* TabBar */,
			);
			path = Presentation;
			sourceTree = "<group>";
		};
		032212E92B14B0BD00FF5CF1 /* Global */ = {
			isa = PBXGroup;
			children = (
				032212EA2B14B0C900FF5CF1 /* Extension */,
				032213262B14B87B00FF5CF1 /* Literals */,
				032212EB2B14B0CE00FF5CF1 /* Protocols */,
				032212EC2B14B0D600FF5CF1 /* Resource */,
				032212ED2B14B0E300FF5CF1 /* Utils */,
			);
			path = Global;
			sourceTree = "<group>";
		};
		032212EA2B14B0C900FF5CF1 /* Extension */ = {
			isa = PBXGroup;
			children = (
				032212F82B14B1C800FF5CF1 /* String+.swift */,
				032212FA2B14B1D600FF5CF1 /* NSObject+.swift */,
				032212FC2B14B1E000FF5CF1 /* UIView+.swift */,
				032212FE2B14B20D00FF5CF1 /* UIResponder+.swift */,
				032213002B14B21700FF5CF1 /* UIColor+.swift */,
				032213022B14B22500FF5CF1 /* UIImage+.swift */,
				032213042B14B23000FF5CF1 /* UIViewController+.swift */,
				032213062B14B24500FF5CF1 /* UITextField+.swift */,
				032213082B14B24F00FF5CF1 /* UITextView+.swift */,
				0322130A2B14B25900FF5CF1 /* UIStackView+.swift */,
				0322130C2B14B26400FF5CF1 /* UILabel+.swift */,
				0322130E2B14B27B00FF5CF1 /* UITableView+.swift */,
				032213102B14B28600FF5CF1 /* UITabBar+.swift */,
				032213122B14B29200FF5CF1 /* UIButton+.swift */,
				0322139D2B1B8F3200FF5CF1 /* UICollectionView+.swift */,
			);
			path = Extension;
			sourceTree = "<group>";
		};
		032212EB2B14B0CE00FF5CF1 /* Protocols */ = {
			isa = PBXGroup;
			children = (
				032212F62B14B1B900FF5CF1 /* Protocol.swift */,
				A431BE5D2B1AFAF90049C126 /* UICollectionViewRegisterable.swift */,
				A431BE5F2B1AFB160049C126 /* UITableViewRegisterable.swift */,
			);
			path = Protocols;
			sourceTree = "<group>";
		};
		032212EC2B14B0D600FF5CF1 /* Resource */ = {
			isa = PBXGroup;
			children = (
				032212EE2B14B10A00FF5CF1 /* AssetCatalog */,
				032212EF2B14B11700FF5CF1 /* Font */,
				032212B02B14AAFF00FF5CF1 /* LaunchScreen.storyboard */,
			);
			path = Resource;
			sourceTree = "<group>";
		};
		032212ED2B14B0E300FF5CF1 /* Utils */ = {
			isa = PBXGroup;
			children = (
				032212F02B14B17600FF5CF1 /* MakeVibrate.swift */,
				032212F22B14B18500FF5CF1 /* MakeAlert.swift */,
			);
			path = Utils;
			sourceTree = "<group>";
		};
		032212EE2B14B10A00FF5CF1 /* AssetCatalog */ = {
			isa = PBXGroup;
			children = (
				032212AE2B14AAFF00FF5CF1 /* Assets.xcassets */,
				032213692B15F60800FF5CF1 /* Image.xcassets */,
			);
			path = AssetCatalog;
			sourceTree = "<group>";
		};
		032212EF2B14B11700FF5CF1 /* Font */ = {
			isa = PBXGroup;
			children = (
				9515EF762B58783000C4E1AA /* AbhayaLibre-ExtraBold.ttf */,
				0322133B2B15E3E000FF5CF1 /* AppleSDGothicNeoEB.ttf */,
				032213392B15E3D700FF5CF1 /* AppleSDGothicNeoB.ttf */,
				032213372B15E3CC00FF5CF1 /* AppleSDGothicNeoSB.ttf */,
				032213352B15E3C200FF5CF1 /* AppleSDGothicNeoM.ttf */,
				032213332B15E3B800FF5CF1 /* AppleSDGothicNeoR.ttf */,
			);
			path = Font;
			sourceTree = "<group>";
		};
		0322131E2B14B73500FF5CF1 /* APIService */ = {
			isa = PBXGroup;
			children = (
				0322131F2B14B75100FF5CF1 /* APIService.swift */,
			);
			path = APIService;
			sourceTree = "<group>";
		};
		032213262B14B87B00FF5CF1 /* Literals */ = {
			isa = PBXGroup;
			children = (
				032213272B14B89700FF5CF1 /* ColorLiterals.swift */,
				032213292B14B9E800FF5CF1 /* FontLiterals.swift */,
				0322132B2B14B9F500FF5CF1 /* ImageLiterals.swift */,
				0322132D2B14B9FD00FF5CF1 /* SizeLiterals.swift */,
				0322132F2B14BA0F00FF5CF1 /* StringLiterals.swift */,
			);
			path = Literals;
			sourceTree = "<group>";
		};
		0322136B2B15F8B400FF5CF1 /* TabBar */ = {
			isa = PBXGroup;
			children = (
				0322136C2B15F8C200FF5CF1 /* TabBarController.swift */,
				0322136E2B15F8CF00FF5CF1 /* TabBarItem.swift */,
			);
			path = TabBar;
			sourceTree = "<group>";
		};
		032213702B15F9FA00FF5CF1 /* Category */ = {
			isa = PBXGroup;
			children = (
				035A9F062B42AB3F007B3F50 /* ViewControllers */,
			);
			path = Category;
			sourceTree = "<group>";
		};
		032213712B15FA0100FF5CF1 /* Home */ = {
			isa = PBXGroup;
			children = (
				032213A62B1C5E3C00FF5CF1 /* ViewModels */,
				0322139F2B1B929200FF5CF1 /* Models */,
				0322138E2B1B2EA300FF5CF1 /* Views */,
				0322138F2B1B2EA800FF5CF1 /* ViewControllers */,
				032213922B1B6C1700FF5CF1 /* Cells */,
			);
			path = Home;
			sourceTree = "<group>";
		};
		032213722B15FA0500FF5CF1 /* Mypage */ = {
			isa = PBXGroup;
			children = (
				032213772B15FA3500FF5CF1 /* MypageViewController.swift */,
			);
			path = Mypage;
			sourceTree = "<group>";
		};
		032213832B1B2A7900FF5CF1 /* Common */ = {
			isa = PBXGroup;
			children = (
				0322138D2B1B2B9A00FF5CF1 /* Base */,
				0322138C2B1B2B7600FF5CF1 /* Components */,
			);
			path = Common;
			sourceTree = "<group>";
		};
		0322138C2B1B2B7600FF5CF1 /* Components */ = {
			isa = PBXGroup;
			children = (
				0322138A2B1B2B5100FF5CF1 /* CustomNavigationBar.swift */,
				954E45BD2B2109D400D12242 /* CustomTextFieldView.swift */,
				95748DDF2B359802004157E0 /* CustomButton.swift */,
			);
			path = Components;
			sourceTree = "<group>";
		};
		0322138D2B1B2B9A00FF5CF1 /* Base */ = {
			isa = PBXGroup;
			children = (
				032213882B1B2ADC00FF5CF1 /* BaseView.swift */,
				032213852B1B2A8D00FF5CF1 /* BaseViewController.swift */,
			);
			path = Base;
			sourceTree = "<group>";
		};
		0322138E2B1B2EA300FF5CF1 /* Views */ = {
			isa = PBXGroup;
			children = (
				032213B42B241B3100FF5CF1 /* HomeView.swift */,
				032213902B1B2EBB00FF5CF1 /* SearchView.swift */,
				0322139B2B1B8B3100FF5CF1 /* HomeHeaderView.swift */,
				032213B22B20839100FF5CF1 /* GalleryFooterView.swift */,
			);
			path = Views;
			sourceTree = "<group>";
		};
		0322138F2B1B2EA800FF5CF1 /* ViewControllers */ = {
			isa = PBXGroup;
			children = (
				032213752B15FA2D00FF5CF1 /* HomeViewController.swift */,
			);
			path = ViewControllers;
			sourceTree = "<group>";
		};
		032213922B1B6C1700FF5CF1 /* Cells */ = {
			isa = PBXGroup;
			children = (
				032213932B1B6D1D00FF5CF1 /* HomeGalleryCell.swift */,
				032213952B1B6D9200FF5CF1 /* HomeRecommendCell.swift */,
				032213972B1B6DEA00FF5CF1 /* HomePopularCategoryCell.swift */,
				032213992B1B6ED300FF5CF1 /* HomeExperienceCell.swift */,
			);
			path = Cells;
			sourceTree = "<group>";
		};
		0322139F2B1B929200FF5CF1 /* Models */ = {
			isa = PBXGroup;
			children = (
				032213A92B20770E00FF5CF1 /* GalleryModel.swift */,
				032213A02B1B92A000FF5CF1 /* RecommendModel.swift */,
				032213A22B1B935800FF5CF1 /* PopularCategoryModel.swift */,
				032213AB2B20777600FF5CF1 /* HomeExperienceModel.swift */,
			);
			path = Models;
			sourceTree = "<group>";
		};
		032213A62B1C5E3C00FF5CF1 /* ViewModels */ = {
			isa = PBXGroup;
			children = (
				032213A72B1C5E5000FF5CF1 /* HomeViewModel.swift */,
			);
			path = ViewModels;
			sourceTree = "<group>";
		};
		0332A3A42B53EFAD00720CD3 /* Experience */ = {
			isa = PBXGroup;
			children = (
				0332A3A52B53F14200720CD3 /* ExperienceViewController.swift */,
				034025892B555648001F5510 /* SortHalfModal.swift */,
			);
			path = Experience;
			sourceTree = "<group>";
		};
		034580682B2879CF002DDEBA /* Cells */ = {
			isa = PBXGroup;
			children = (
				034580692B2879F2002DDEBA /* HomeMenuCollectionViewCell.swift */,
				0340258B2B555B82001F5510 /* SortHalfModalCell.swift */,
			);
			path = Cells;
			sourceTree = "<group>";
		};
		0345806B2B2880F0002DDEBA /* ViewModels */ = {
			isa = PBXGroup;
			children = (
				0345806C2B288104002DDEBA /* HomeExperienceViewModel.swift */,
			);
			path = ViewModels;
			sourceTree = "<group>";
		};
		035A9F062B42AB3F007B3F50 /* ViewControllers */ = {
			isa = PBXGroup;
			children = (
				035A9F072B42AB4B007B3F50 /* CategoryViewController.swift */,
			);
			path = ViewControllers;
			sourceTree = "<group>";
		};
		035A9F0D2B448016007B3F50 /* Recommend */ = {
			isa = PBXGroup;
			children = (
				03115F902B271BD5009D1517 /* HomeRecommendViewController.swift */,
			);
			path = Recommend;
			sourceTree = "<group>";
		};
		035A9F0E2B448023007B3F50 /* Category */ = {
			isa = PBXGroup;
			children = (
				035A9F0F2B448047007B3F50 /* HomeCategoryViewController.swift */,
			);
			path = Category;
			sourceTree = "<group>";
		};
		03AD68AD2B286EC300ED54E1 /* Models */ = {
			isa = PBXGroup;
			children = (
				03AD68AE2B286EEB00ED54E1 /* HomeExperienceType.swift */,
				034580712B28A3A6002DDEBA /* ExperiencePageVC.swift */,
				034011402B5CD87C00D1F371 /* SortModel.swift */,
			);
			path = Models;
			sourceTree = "<group>";
		};
		03C7A65E2B453F59000F1E39 /* Search */ = {
			isa = PBXGroup;
			children = (
				03C7A6652B456216000F1E39 /* ViewModels */,
				03C7A66D2B456A2E000F1E39 /* Models */,
				03C7A6622B454097000F1E39 /* Views */,
				03C7A65F2B453FBE000F1E39 /* ViewControllers */,
				03C7A66A2B45678F000F1E39 /* Cells */,
			);
			path = Search;
			sourceTree = "<group>";
		};
		03C7A65F2B453FBE000F1E39 /* ViewControllers */ = {
			isa = PBXGroup;
			children = (
				03C7A6602B453FD3000F1E39 /* SearchViewController.swift */,
			);
			path = ViewControllers;
			sourceTree = "<group>";
		};
		03C7A6622B454097000F1E39 /* Views */ = {
			isa = PBXGroup;
			children = (
				03C7A6632B45617E000F1E39 /* SearchResultView.swift */,
				03C7A6682B456654000F1E39 /* RecentSearchView.swift */,
				03C7A6732B45A8E2000F1E39 /* SearchTextFieldView.swift */,
			);
			path = Views;
			sourceTree = "<group>";
		};
		03C7A6652B456216000F1E39 /* ViewModels */ = {
			isa = PBXGroup;
			children = (
				03C7A6662B456230000F1E39 /* SearchViewModel.swift */,
			);
			path = ViewModels;
			sourceTree = "<group>";
		};
		03C7A66A2B45678F000F1E39 /* Cells */ = {
			isa = PBXGroup;
			children = (
				03C7A66B2B4567AC000F1E39 /* RecentSearchCollectionViewCell.swift */,
			);
			path = Cells;
			sourceTree = "<group>";
		};
		03C7A66D2B456A2E000F1E39 /* Models */ = {
			isa = PBXGroup;
			children = (
				03C7A66E2B456A45000F1E39 /* RecentSearchModel.swift */,
			);
			path = Models;
			sourceTree = "<group>";
		};
		9515EF6C2B5863F300C4E1AA /* FAQ */ = {
			isa = PBXGroup;
			children = (
				9515EF782B58935F00C4E1AA /* Model */,
				9515EF732B58752E00C4E1AA /* Cell */,
				9515EF702B58642B00C4E1AA /* View */,
				9515EF6F2B58641A00C4E1AA /* ViewController */,
			);
			path = FAQ;
			sourceTree = "<group>";
		};
		9515EF6F2B58641A00C4E1AA /* ViewController */ = {
			isa = PBXGroup;
			children = (
				9515EF6D2B58640700C4E1AA /* FAQViewController.swift */,
				9515EF7F2B5C63C100C4E1AA /* AccountSettingsViewController.swift */,
				9515EF832B5D2BF500C4E1AA /* WithdrawalViewController.swift */,
			);
			path = ViewController;
			sourceTree = "<group>";
		};
		9515EF702B58642B00C4E1AA /* View */ = {
			isa = PBXGroup;
			children = (
				9515EF712B58643F00C4E1AA /* FAQView.swift */,
				9515EF812B5C648500C4E1AA /* AccountSettingsView.swift */,
				9515EF852B5D2C2600C4E1AA /* WithdrawalView.swift */,
			);
			path = View;
			sourceTree = "<group>";
		};
		9515EF732B58752E00C4E1AA /* Cell */ = {
			isa = PBXGroup;
			children = (
				9515EF7D2B59A14900C4E1AA /* FAQTableViewCell.swift */,
			);
			path = Cell;
			sourceTree = "<group>";
		};
		9515EF782B58935F00C4E1AA /* Model */ = {
			isa = PBXGroup;
			children = (
				9515EF7B2B5894B300C4E1AA /* FAQType.swift */,
			);
			path = Model;
			sourceTree = "<group>";
		};
		954E45B42B1E5C2800D12242 /* Auth */ = {
			isa = PBXGroup;
			children = (
				95748DE32B35A952004157E0 /* Model */,
				95748DCC2B25FA88004157E0 /* ViewController */,
				954E45B92B20AE6800D12242 /* View */,
			);
			path = Auth;
			sourceTree = "<group>";
		};
		954E45B92B20AE6800D12242 /* View */ = {
			isa = PBXGroup;
			children = (
				954E45BB2B20AEBE00D12242 /* AuthHeaderView.swift */,
				95748DD12B25FF6D004157E0 /* LoginView.swift */,
				95748DD32B26096A004157E0 /* PhoneNumberVerificationView.swift */,
				95748DD92B2D9DC6004157E0 /* AuthCompletionView.swift */,
				95748DDD2B358190004157E0 /* ProfileEntryView.swift */,
				9515EF652B51600800C4E1AA /* AgreementOfTermsView.swift */,
				9515EF692B54264B00C4E1AA /* TermsDetailsPopUpView.swift */,
			);
			path = View;
			sourceTree = "<group>";
		};
		95748DCC2B25FA88004157E0 /* ViewController */ = {
			isa = PBXGroup;
			children = (
				95748DCF2B25FABF004157E0 /* PhoneNumberVerificationViewController.swift */,
				95748DCD2B25FAB4004157E0 /* LoginViewController.swift */,
				95748DD52B2D9CED004157E0 /* LoginCompletionViewController.swift */,
				95748DD72B2D9D86004157E0 /* SignUpCompletionViewController.swift */,
				95748DDB2B35810C004157E0 /* ProfileEntryViewController.swift */,
				9515EF632B515FE300C4E1AA /* AgreementToTermsViewController.swift */,
				9515EF672B5421AE00C4E1AA /* TermsDetailsPopUpViewController.swift */,
			);
			path = ViewController;
			sourceTree = "<group>";
		};
		95748DE32B35A952004157E0 /* Model */ = {
			isa = PBXGroup;
			children = (
				95748DE42B35A95F004157E0 /* GenderType.swift */,
			);
			path = Model;
			sourceTree = "<group>";
		};
		A42C32512B26C67600C4B477 /* ExperienceDetail */ = {
			isa = PBXGroup;
			children = (
				A42C32542B26C68700C4B477 /* Cell */,
				A42C32532B26C68300C4B477 /* View */,
				A42C32522B26C67E00C4B477 /* ViewController */,
			);
			path = ExperienceDetail;
			sourceTree = "<group>";
		};
		A42C32522B26C67E00C4B477 /* ViewController */ = {
			isa = PBXGroup;
			children = (
				A42C32552B26C6AE00C4B477 /* ExperienceDetailViewController.swift */,
			);
			path = ViewController;
			sourceTree = "<group>";
		};
		A42C32532B26C68300C4B477 /* View */ = {
			isa = PBXGroup;
			children = (
				A42C32592B26C6C800C4B477 /* ExperienceDetailView.swift */,
				A42C32582B26C6C800C4B477 /* ExplainDetailView.swift */,
				A42C32572B26C6C800C4B477 /* GuideDetailView.swift */,
			);
			path = View;
			sourceTree = "<group>";
		};
		A42C32542B26C68700C4B477 /* Cell */ = {
			isa = PBXGroup;
			children = (
				A42C325E2B26C6D400C4B477 /* ExperienceImageCollectionViewCell.swift */,
				A42C325D2B26C6D400C4B477 /* ExplainTableViewCell.swift */,
			);
			path = Cell;
			sourceTree = "<group>";
		};
		A42C32612B30358100C4B477 /* ExperienceLetter */ = {
			isa = PBXGroup;
			children = (
				A42C32632B30359900C4B477 /* View */,
				A42C32622B30358F00C4B477 /* ViewController */,
			);
			path = ExperienceLetter;
			sourceTree = "<group>";
		};
		A42C32622B30358F00C4B477 /* ViewController */ = {
			isa = PBXGroup;
			children = (
				A42C32672B30410900C4B477 /* ExperienceLetterViewController.swift */,
			);
			path = ViewController;
			sourceTree = "<group>";
		};
		A42C32632B30359900C4B477 /* View */ = {
			isa = PBXGroup;
			children = (
				A42C32652B3040FA00C4B477 /* ExperienceLetterView.swift */,
			);
			path = View;
			sourceTree = "<group>";
		};
		A431BE732B1EED7F0049C126 /* ExperienceGift */ = {
			isa = PBXGroup;
			children = (
				A431BE7E2B24B0B10049C126 /* Cell */,
				A431BE752B1EEDD10049C126 /* View */,
				A431BE742B1EEDC50049C126 /* ViewController */,
			);
			path = ExperienceGift;
			sourceTree = "<group>";
		};
		A431BE742B1EEDC50049C126 /* ViewController */ = {
			isa = PBXGroup;
			children = (
				A431BE762B1EEF4A0049C126 /* ExperienceGiftViewController.swift */,
			);
			path = ViewController;
			sourceTree = "<group>";
		};
		A431BE752B1EEDD10049C126 /* View */ = {
			isa = PBXGroup;
			children = (
				A42C33662B416AE300C4B477 /* ExperienceGiftView.swift */,
			);
			path = View;
			sourceTree = "<group>";
		};
		A431BE7A2B2335510049C126 /* ExperienceScene */ = {
			isa = PBXGroup;
			children = (
				A42C32512B26C67600C4B477 /* ExperienceDetail */,
				A431BE732B1EED7F0049C126 /* ExperienceGift */,
				A42C32612B30358100C4B477 /* ExperienceLetter */,
			);
			path = ExperienceScene;
			sourceTree = "<group>";
		};
		A431BE7E2B24B0B10049C126 /* Cell */ = {
			isa = PBXGroup;
			children = (
				A42C33682B416B3E00C4B477 /* TimeCollectionViewCell.swift */,
			);
			path = Cell;
			sourceTree = "<group>";
		};
/* End PBXGroup section */

/* Begin PBXNativeTarget section */
		032212A12B14AAFD00FF5CF1 /* ShallWe */ = {
			isa = PBXNativeTarget;
			buildConfigurationList = 032212B62B14AAFF00FF5CF1 /* Build configuration list for PBXNativeTarget "ShallWe" */;
			buildPhases = (
				0322129E2B14AAFD00FF5CF1 /* Sources */,
				0322129F2B14AAFD00FF5CF1 /* Frameworks */,
				032212A02B14AAFD00FF5CF1 /* Resources */,
			);
			buildRules = (
			);
			dependencies = (
			);
			name = ShallWe;
			packageProductDependencies = (
				032212BA2B14ACF800FF5CF1 /* SnapKit */,
				032212BD2B14AD0400FF5CF1 /* Then */,
				032212C02B14AD2E00FF5CF1 /* Kingfisher */,
				032212C32B14AD4900FF5CF1 /* Moya */,
				032212C52B14AD4900FF5CF1 /* RxMoya */,
				032212C82B14AD6800FF5CF1 /* RxCocoa */,
				032212CA2B14AD6800FF5CF1 /* RxRelay */,
				032212CC2B14AD6800FF5CF1 /* RxSwift */,
				032212CF2B14AD8200FF5CF1 /* Alamofire */,
				032212D22B14AD9000FF5CF1 /* FSCalendar */,
				032212D52B14AE4100FF5CF1 /* KakaoSDK */,
				032212D72B14AE4100FF5CF1 /* KakaoSDKAuth */,
				032212D92B14AE4100FF5CF1 /* KakaoSDKUser */,
				032212DC2B14AE7600FF5CF1 /* Lottie */,
				034580942B2F356C002DDEBA /* DropDown */,
				03C7A6712B459EEB000F1E39 /* RxGesture */,
			);
			productName = ShallWe;
			productReference = 032212A22B14AAFD00FF5CF1 /* ShallWe.app */;
			productType = "com.apple.product-type.application";
		};
/* End PBXNativeTarget section */

/* Begin PBXProject section */
		0322129A2B14AAFD00FF5CF1 /* Project object */ = {
			isa = PBXProject;
			attributes = {
				BuildIndependentTargetsInParallel = 1;
				LastSwiftUpdateCheck = 1500;
				LastUpgradeCheck = 1500;
				TargetAttributes = {
					032212A12B14AAFD00FF5CF1 = {
						CreatedOnToolsVersion = 15.0.1;
					};
				};
			};
			buildConfigurationList = 0322129D2B14AAFD00FF5CF1 /* Build configuration list for PBXProject "ShallWe" */;
			compatibilityVersion = "Xcode 14.0";
			developmentRegion = en;
			hasScannedForEncodings = 0;
			knownRegions = (
				en,
				Base,
			);
			mainGroup = 032212992B14AAFD00FF5CF1;
			packageReferences = (
				032212B92B14ACF800FF5CF1 /* XCRemoteSwiftPackageReference "SnapKit" */,
				032212BC2B14AD0400FF5CF1 /* XCRemoteSwiftPackageReference "Then" */,
				032212BF2B14AD2E00FF5CF1 /* XCRemoteSwiftPackageReference "Kingfisher" */,
				032212C22B14AD4900FF5CF1 /* XCRemoteSwiftPackageReference "Moya" */,
				032212C72B14AD6800FF5CF1 /* XCRemoteSwiftPackageReference "RxSwift" */,
				032212CE2B14AD8200FF5CF1 /* XCRemoteSwiftPackageReference "Alamofire" */,
				032212D12B14AD9000FF5CF1 /* XCRemoteSwiftPackageReference "FSCalendar" */,
				032212D42B14AE4100FF5CF1 /* XCRemoteSwiftPackageReference "kakao-ios-sdk" */,
				032212DB2B14AE7600FF5CF1 /* XCRemoteSwiftPackageReference "lottie-ios" */,
				034580932B2F2E34002DDEBA /* XCRemoteSwiftPackageReference "DropDown" */,
				03C7A6702B459EEB000F1E39 /* XCRemoteSwiftPackageReference "RxGesture" */,
			);
			productRefGroup = 032212A32B14AAFD00FF5CF1 /* Products */;
			projectDirPath = "";
			projectRoot = "";
			targets = (
				032212A12B14AAFD00FF5CF1 /* ShallWe */,
			);
		};
/* End PBXProject section */

/* Begin PBXResourcesBuildPhase section */
		032212A02B14AAFD00FF5CF1 /* Resources */ = {
			isa = PBXResourcesBuildPhase;
			buildActionMask = 2147483647;
			files = (
				032213382B15E3CC00FF5CF1 /* AppleSDGothicNeoSB.ttf in Resources */,
				032212B22B14AAFF00FF5CF1 /* LaunchScreen.storyboard in Resources */,
				9515EF772B58783000C4E1AA /* AbhayaLibre-ExtraBold.ttf in Resources */,
				0322133A2B15E3D700FF5CF1 /* AppleSDGothicNeoB.ttf in Resources */,
				032212AF2B14AAFF00FF5CF1 /* Assets.xcassets in Resources */,
				032213342B15E3B800FF5CF1 /* AppleSDGothicNeoR.ttf in Resources */,
				0322136A2B15F60800FF5CF1 /* Image.xcassets in Resources */,
				032213362B15E3C200FF5CF1 /* AppleSDGothicNeoM.ttf in Resources */,
				0322133C2B15E3E000FF5CF1 /* AppleSDGothicNeoEB.ttf in Resources */,
			);
			runOnlyForDeploymentPostprocessing = 0;
		};
/* End PBXResourcesBuildPhase section */

/* Begin PBXSourcesBuildPhase section */
		0322129E2B14AAFD00FF5CF1 /* Sources */ = {
			isa = PBXSourcesBuildPhase;
			buildActionMask = 2147483647;
			files = (
				95748DD62B2D9CED004157E0 /* LoginCompletionViewController.swift in Sources */,
				032212FD2B14B1E000FF5CF1 /* UIView+.swift in Sources */,
				A42C32562B26C6AE00C4B477 /* ExperienceDetailViewController.swift in Sources */,
				032213782B15FA3500FF5CF1 /* MypageViewController.swift in Sources */,
				0322139E2B1B8F3200FF5CF1 /* UICollectionView+.swift in Sources */,
				032213A82B1C5E5000FF5CF1 /* HomeViewModel.swift in Sources */,
				0322132A2B14B9E800FF5CF1 /* FontLiterals.swift in Sources */,
				0345806A2B2879F2002DDEBA /* HomeMenuCollectionViewCell.swift in Sources */,
				9515EF7C2B5894B300C4E1AA /* FAQType.swift in Sources */,
				032213762B15FA2D00FF5CF1 /* HomeViewController.swift in Sources */,
				034580762B28AA59002DDEBA /* ParentsViewController.swift in Sources */,
				0345809B2B380299002DDEBA /* ActivateDropDownAlert.swift in Sources */,
				034580742B28AA47002DDEBA /* LoverViewController.swift in Sources */,
				9515EF842B5D2BF500C4E1AA /* WithdrawalViewController.swift in Sources */,
				03AD68AF2B286EEB00ED54E1 /* HomeExperienceType.swift in Sources */,
				0322138B2B1B2B5100FF5CF1 /* CustomNavigationBar.swift in Sources */,
				032213202B14B75100FF5CF1 /* APIService.swift in Sources */,
				95748DDC2B35810C004157E0 /* ProfileEntryViewController.swift in Sources */,
				A42C325F2B26C6D400C4B477 /* ExplainTableViewCell.swift in Sources */,
				032213B32B20839100FF5CF1 /* GalleryFooterView.swift in Sources */,
				032213172B14B2F800FF5CF1 /* NetworkLoggerPlugin.swift in Sources */,
				95748DD42B26096A004157E0 /* PhoneNumberVerificationView.swift in Sources */,
				0322130D2B14B26400FF5CF1 /* UILabel+.swift in Sources */,
				0340258A2B555648001F5510 /* SortHalfModal.swift in Sources */,
				954E45BE2B2109D400D12242 /* CustomTextFieldView.swift in Sources */,
				A431BE5E2B1AFAF90049C126 /* UICollectionViewRegisterable.swift in Sources */,
				032213112B14B28600FF5CF1 /* UITabBar+.swift in Sources */,
				9515EF822B5C648500C4E1AA /* AccountSettingsView.swift in Sources */,
				032213A12B1B92A000FF5CF1 /* RecommendModel.swift in Sources */,
				0322130F2B14B27B00FF5CF1 /* UITableView+.swift in Sources */,
				0340258C2B555B82001F5510 /* SortHalfModalCell.swift in Sources */,
				032213A32B1B935800FF5CF1 /* PopularCategoryModel.swift in Sources */,
				9515EF722B58643F00C4E1AA /* FAQView.swift in Sources */,
				032213912B1B2EBB00FF5CF1 /* SearchView.swift in Sources */,
				034011412B5CD87C00D1F371 /* SortModel.swift in Sources */,
				03115F962B271F12009D1517 /* HomeRecommendView.swift in Sources */,
				95748DDE2B358190004157E0 /* ProfileEntryView.swift in Sources */,
				95748DE02B359802004157E0 /* CustomButton.swift in Sources */,
				A42C33672B416AE300C4B477 /* ExperienceGiftView.swift in Sources */,
				A431BE552B1A24F90049C126 /* (null) in Sources */,
				03115F912B271BD5009D1517 /* HomeRecommendViewController.swift in Sources */,
				95748DDE2B358190004157E0 /* ProfileEntryView.swift in Sources */,
				9515EF682B5421AE00C4E1AA /* TermsDetailsPopUpViewController.swift in Sources */,
				9515EF662B51600800C4E1AA /* AgreementOfTermsView.swift in Sources */,
				032212F12B14B17600FF5CF1 /* MakeVibrate.swift in Sources */,
				0322130B2B14B25900FF5CF1 /* UIStackView+.swift in Sources */,
				A431BE772B1EEF4A0049C126 /* ExperienceGiftViewController.swift in Sources */,
				A42C33692B416B3E00C4B477 /* TimeCollectionViewCell.swift in Sources */,
				A431BE582B1A25180049C126 /* (null) in Sources */,
				0345806D2B288104002DDEBA /* HomeExperienceViewModel.swift in Sources */,
				032212F92B14B1C800FF5CF1 /* String+.swift in Sources */,
				032212A62B14AAFD00FF5CF1 /* AppDelegate.swift in Sources */,
				95748DD02B25FABF004157E0 /* PhoneNumberVerificationViewController.swift in Sources */,
				032212A82B14AAFD00FF5CF1 /* SceneDelegate.swift in Sources */,
				A431BE6E2B1CDD150049C126 /* ExplainDetailView.swift in Sources */,
				9515EF6A2B54264B00C4E1AA /* TermsDetailsPopUpView.swift in Sources */,
				0345809D2B3858DF002DDEBA /* CustomDropDownButton.swift in Sources */,
				A42C32682B30410900C4B477 /* ExperienceLetterViewController.swift in Sources */,
				032213072B14B24500FF5CF1 /* UITextField+.swift in Sources */,
				0332A3A62B53F14200720CD3 /* ExperienceViewController.swift in Sources */,
				A42C325C2B26C6C800C4B477 /* ExperienceDetailView.swift in Sources */,
				0322132E2B14B9FD00FF5CF1 /* SizeLiterals.swift in Sources */,
				A431BE602B1AFB160049C126 /* UITableViewRegisterable.swift in Sources */,
				032213302B14BA0F00FF5CF1 /* StringLiterals.swift in Sources */,
				032213132B14B29200FF5CF1 /* UIButton+.swift in Sources */,
				032212F72B14B1B900FF5CF1 /* Protocol.swift in Sources */,
				03C7A66F2B456A45000F1E39 /* RecentSearchModel.swift in Sources */,
				032213982B1B6DEA00FF5CF1 /* HomePopularCategoryCell.swift in Sources */,
				03C7A65D2B452131000F1E39 /* HomeCategoryView.swift in Sources */,
				95748DDA2B2D9DC6004157E0 /* AuthCompletionView.swift in Sources */,
				03C7A6642B45617E000F1E39 /* SearchResultView.swift in Sources */,
				03C7A6742B45A8E3000F1E39 /* SearchTextFieldView.swift in Sources */,
				0322132C2B14B9F500FF5CF1 /* ImageLiterals.swift in Sources */,
				034580722B28A3A6002DDEBA /* ExperiencePageVC.swift in Sources */,
				A42C325A2B26C6C800C4B477 /* GuideDetailView.swift in Sources */,
				032213AA2B20770F00FF5CF1 /* GalleryModel.swift in Sources */,
				032212FB2B14B1D600FF5CF1 /* NSObject+.swift in Sources */,
				A42C32662B3040FA00C4B477 /* ExperienceLetterView.swift in Sources */,
				032212F32B14B18500FF5CF1 /* MakeAlert.swift in Sources */,
				9515EF642B515FE300C4E1AA /* AgreementToTermsViewController.swift in Sources */,
				03C7A6612B453FD3000F1E39 /* SearchViewController.swift in Sources */,
				032213962B1B6D9200FF5CF1 /* HomeRecommendCell.swift in Sources */,
				032213862B1B2A8D00FF5CF1 /* BaseViewController.swift in Sources */,
				0322131D2B14B32B00FF5CF1 /* URLConstant.swift in Sources */,
				035A9F102B448047007B3F50 /* HomeExperienceViewController.swift in Sources */,
				9515EF862B5D2C2600C4E1AA /* WithdrawalView.swift in Sources */,
				035A9F152B448266007B3F50 /* BakingViewController.swift in Sources */,
				035A9F102B448047007B3F50 /* HomeCategoryViewController.swift in Sources */,
				032213052B14B23000FF5CF1 /* UIViewController+.swift in Sources */,
				95748DE52B35A95F004157E0 /* GenderType.swift in Sources */,
				035A9F082B42AB4B007B3F50 /* CategoryViewController.swift in Sources */,
				0322136D2B15F8C200FF5CF1 /* TabBarController.swift in Sources */,
				032213942B1B6D1D00FF5CF1 /* HomeGalleryCell.swift in Sources */,
				95748DD22B25FF6D004157E0 /* LoginView.swift in Sources */,
				032213892B1B2ADC00FF5CF1 /* BaseView.swift in Sources */,
				95748DD82B2D9D86004157E0 /* SignUpCompletionViewController.swift in Sources */,
				032213B52B241B3100FF5CF1 /* HomeView.swift in Sources */,
				032212E12B14B01F00FF5CF1 /* DTO.swift in Sources */,
				954E45BC2B20AEBE00D12242 /* AuthHeaderView.swift in Sources */,
				032213192B14B30A00FF5CF1 /* Config.swift in Sources */,
				0322131B2B14B31E00FF5CF1 /* APIConstant.swift in Sources */,
				032213282B14B89700FF5CF1 /* ColorLiterals.swift in Sources */,
				034580992B37EEA1002DDEBA /* ExperienceHeader.swift in Sources */,
				032213092B14B24F00FF5CF1 /* UITextView+.swift in Sources */,
				032212E72B14B07C00FF5CF1 /* GeneralResponse.swift in Sources */,
				032213032B14B22500FF5CF1 /* UIImage+.swift in Sources */,
				032212FF2B14B20D00FF5CF1 /* UIResponder+.swift in Sources */,
				0345807C2B28ACF6002DDEBA /* HomeExperienceListView.swift in Sources */,
				032213AC2B20777600FF5CF1 /* HomeExperienceModel.swift in Sources */,
				9515EF6E2B58640700C4E1AA /* FAQViewController.swift in Sources */,
				0322139A2B1B6ED300FF5CF1 /* HomeExperienceCell.swift in Sources */,
				0322136F2B15F8CF00FF5CF1 /* TabBarItem.swift in Sources */,
				032213152B14B2EA00FF5CF1 /* API.swift in Sources */,
				0322139C2B1B8B3100FF5CF1 /* HomeHeaderView.swift in Sources */,
				95748DCE2B25FAB4004157E0 /* LoginViewController.swift in Sources */,
				9515EF802B5C63C100C4E1AA /* AccountSettingsViewController.swift in Sources */,
				035A9F132B44825E007B3F50 /* CraftViewController.swift in Sources */,
				9515EF7E2B59A14900C4E1AA /* FAQTableViewCell.swift in Sources */,
				03C7A6672B456230000F1E39 /* SearchViewModel.swift in Sources */,
				032213012B14B21700FF5CF1 /* UIColor+.swift in Sources */,
				03C7A6692B456654000F1E39 /* RecentSearchView.swift in Sources */,
				03C7A66C2B4567AC000F1E39 /* RecentSearchCollectionViewCell.swift in Sources */,
				A42C325B2B26C6C800C4B477 /* ExplainDetailView.swift in Sources */,
				A42C32602B26C6D400C4B477 /* ExperienceImageCollectionViewCell.swift in Sources */,
			);
			runOnlyForDeploymentPostprocessing = 0;
		};
/* End PBXSourcesBuildPhase section */

/* Begin PBXVariantGroup section */
		032212B02B14AAFF00FF5CF1 /* LaunchScreen.storyboard */ = {
			isa = PBXVariantGroup;
			children = (
				032212B12B14AAFF00FF5CF1 /* Base */,
			);
			name = LaunchScreen.storyboard;
			sourceTree = "<group>";
		};
/* End PBXVariantGroup section */

/* Begin XCBuildConfiguration section */
		032212B42B14AAFF00FF5CF1 /* Debug */ = {
			isa = XCBuildConfiguration;
			buildSettings = {
				ALWAYS_SEARCH_USER_PATHS = NO;
				ASSETCATALOG_COMPILER_GENERATE_SWIFT_ASSET_SYMBOL_EXTENSIONS = YES;
				CLANG_ANALYZER_NONNULL = YES;
				CLANG_ANALYZER_NUMBER_OBJECT_CONVERSION = YES_AGGRESSIVE;
				CLANG_CXX_LANGUAGE_STANDARD = "gnu++20";
				CLANG_ENABLE_MODULES = YES;
				CLANG_ENABLE_OBJC_ARC = YES;
				CLANG_ENABLE_OBJC_WEAK = YES;
				CLANG_WARN_BLOCK_CAPTURE_AUTORELEASING = YES;
				CLANG_WARN_BOOL_CONVERSION = YES;
				CLANG_WARN_COMMA = YES;
				CLANG_WARN_CONSTANT_CONVERSION = YES;
				CLANG_WARN_DEPRECATED_OBJC_IMPLEMENTATIONS = YES;
				CLANG_WARN_DIRECT_OBJC_ISA_USAGE = YES_ERROR;
				CLANG_WARN_DOCUMENTATION_COMMENTS = YES;
				CLANG_WARN_EMPTY_BODY = YES;
				CLANG_WARN_ENUM_CONVERSION = YES;
				CLANG_WARN_INFINITE_RECURSION = YES;
				CLANG_WARN_INT_CONVERSION = YES;
				CLANG_WARN_NON_LITERAL_NULL_CONVERSION = YES;
				CLANG_WARN_OBJC_IMPLICIT_RETAIN_SELF = YES;
				CLANG_WARN_OBJC_LITERAL_CONVERSION = YES;
				CLANG_WARN_OBJC_ROOT_CLASS = YES_ERROR;
				CLANG_WARN_QUOTED_INCLUDE_IN_FRAMEWORK_HEADER = YES;
				CLANG_WARN_RANGE_LOOP_ANALYSIS = YES;
				CLANG_WARN_STRICT_PROTOTYPES = YES;
				CLANG_WARN_SUSPICIOUS_MOVE = YES;
				CLANG_WARN_UNGUARDED_AVAILABILITY = YES_AGGRESSIVE;
				CLANG_WARN_UNREACHABLE_CODE = YES;
				CLANG_WARN__DUPLICATE_METHOD_MATCH = YES;
				COPY_PHASE_STRIP = NO;
				DEBUG_INFORMATION_FORMAT = dwarf;
				ENABLE_STRICT_OBJC_MSGSEND = YES;
				ENABLE_TESTABILITY = YES;
				ENABLE_USER_SCRIPT_SANDBOXING = YES;
				GCC_C_LANGUAGE_STANDARD = gnu17;
				GCC_DYNAMIC_NO_PIC = NO;
				GCC_NO_COMMON_BLOCKS = YES;
				GCC_OPTIMIZATION_LEVEL = 0;
				GCC_PREPROCESSOR_DEFINITIONS = (
					"DEBUG=1",
					"$(inherited)",
				);
				GCC_WARN_64_TO_32_BIT_CONVERSION = YES;
				GCC_WARN_ABOUT_RETURN_TYPE = YES_ERROR;
				GCC_WARN_UNDECLARED_SELECTOR = YES;
				GCC_WARN_UNINITIALIZED_AUTOS = YES_AGGRESSIVE;
				GCC_WARN_UNUSED_FUNCTION = YES;
				GCC_WARN_UNUSED_VARIABLE = YES;
				IPHONEOS_DEPLOYMENT_TARGET = 16.0;
				LOCALIZATION_PREFERS_STRING_CATALOGS = YES;
				MTL_ENABLE_DEBUG_INFO = INCLUDE_SOURCE;
				MTL_FAST_MATH = YES;
				ONLY_ACTIVE_ARCH = YES;
				SDKROOT = iphoneos;
				SWIFT_ACTIVE_COMPILATION_CONDITIONS = "DEBUG $(inherited)";
				SWIFT_OPTIMIZATION_LEVEL = "-Onone";
			};
			name = Debug;
		};
		032212B52B14AAFF00FF5CF1 /* Release */ = {
			isa = XCBuildConfiguration;
			buildSettings = {
				ALWAYS_SEARCH_USER_PATHS = NO;
				ASSETCATALOG_COMPILER_GENERATE_SWIFT_ASSET_SYMBOL_EXTENSIONS = YES;
				CLANG_ANALYZER_NONNULL = YES;
				CLANG_ANALYZER_NUMBER_OBJECT_CONVERSION = YES_AGGRESSIVE;
				CLANG_CXX_LANGUAGE_STANDARD = "gnu++20";
				CLANG_ENABLE_MODULES = YES;
				CLANG_ENABLE_OBJC_ARC = YES;
				CLANG_ENABLE_OBJC_WEAK = YES;
				CLANG_WARN_BLOCK_CAPTURE_AUTORELEASING = YES;
				CLANG_WARN_BOOL_CONVERSION = YES;
				CLANG_WARN_COMMA = YES;
				CLANG_WARN_CONSTANT_CONVERSION = YES;
				CLANG_WARN_DEPRECATED_OBJC_IMPLEMENTATIONS = YES;
				CLANG_WARN_DIRECT_OBJC_ISA_USAGE = YES_ERROR;
				CLANG_WARN_DOCUMENTATION_COMMENTS = YES;
				CLANG_WARN_EMPTY_BODY = YES;
				CLANG_WARN_ENUM_CONVERSION = YES;
				CLANG_WARN_INFINITE_RECURSION = YES;
				CLANG_WARN_INT_CONVERSION = YES;
				CLANG_WARN_NON_LITERAL_NULL_CONVERSION = YES;
				CLANG_WARN_OBJC_IMPLICIT_RETAIN_SELF = YES;
				CLANG_WARN_OBJC_LITERAL_CONVERSION = YES;
				CLANG_WARN_OBJC_ROOT_CLASS = YES_ERROR;
				CLANG_WARN_QUOTED_INCLUDE_IN_FRAMEWORK_HEADER = YES;
				CLANG_WARN_RANGE_LOOP_ANALYSIS = YES;
				CLANG_WARN_STRICT_PROTOTYPES = YES;
				CLANG_WARN_SUSPICIOUS_MOVE = YES;
				CLANG_WARN_UNGUARDED_AVAILABILITY = YES_AGGRESSIVE;
				CLANG_WARN_UNREACHABLE_CODE = YES;
				CLANG_WARN__DUPLICATE_METHOD_MATCH = YES;
				COPY_PHASE_STRIP = NO;
				DEBUG_INFORMATION_FORMAT = "dwarf-with-dsym";
				ENABLE_NS_ASSERTIONS = NO;
				ENABLE_STRICT_OBJC_MSGSEND = YES;
				ENABLE_USER_SCRIPT_SANDBOXING = YES;
				GCC_C_LANGUAGE_STANDARD = gnu17;
				GCC_NO_COMMON_BLOCKS = YES;
				GCC_WARN_64_TO_32_BIT_CONVERSION = YES;
				GCC_WARN_ABOUT_RETURN_TYPE = YES_ERROR;
				GCC_WARN_UNDECLARED_SELECTOR = YES;
				GCC_WARN_UNINITIALIZED_AUTOS = YES_AGGRESSIVE;
				GCC_WARN_UNUSED_FUNCTION = YES;
				GCC_WARN_UNUSED_VARIABLE = YES;
				IPHONEOS_DEPLOYMENT_TARGET = 16.0;
				LOCALIZATION_PREFERS_STRING_CATALOGS = YES;
				MTL_ENABLE_DEBUG_INFO = NO;
				MTL_FAST_MATH = YES;
				SDKROOT = iphoneos;
				SWIFT_COMPILATION_MODE = wholemodule;
				VALIDATE_PRODUCT = YES;
			};
			name = Release;
		};
		032212B72B14AAFF00FF5CF1 /* Debug */ = {
			isa = XCBuildConfiguration;
			buildSettings = {
				ASSETCATALOG_COMPILER_APPICON_NAME = AppIcon;
				ASSETCATALOG_COMPILER_GLOBAL_ACCENT_COLOR_NAME = AccentColor;
				CODE_SIGN_STYLE = Automatic;
				CURRENT_PROJECT_VERSION = 1;
				DEVELOPMENT_TEAM = DGT9BQA4KH;
				GENERATE_INFOPLIST_FILE = YES;
				INFOPLIST_FILE = ShallWe/Info.plist;
				INFOPLIST_KEY_UIApplicationSupportsIndirectInputEvents = YES;
				INFOPLIST_KEY_UILaunchStoryboardName = LaunchScreen;
				INFOPLIST_KEY_UISupportedInterfaceOrientations_iPad = "UIInterfaceOrientationPortrait UIInterfaceOrientationPortraitUpsideDown UIInterfaceOrientationLandscapeLeft UIInterfaceOrientationLandscapeRight";
				INFOPLIST_KEY_UISupportedInterfaceOrientations_iPhone = "UIInterfaceOrientationPortrait UIInterfaceOrientationLandscapeLeft UIInterfaceOrientationLandscapeRight";
				IPHONEOS_DEPLOYMENT_TARGET = 16.0;
				LD_RUNPATH_SEARCH_PATHS = (
					"$(inherited)",
					"@executable_path/Frameworks",
				);
				MARKETING_VERSION = 1.0;
				PRODUCT_BUNDLE_IDENTIFIER = kwonjeong.ShallWe;
				PRODUCT_NAME = "$(TARGET_NAME)";
				SWIFT_EMIT_LOC_STRINGS = YES;
				SWIFT_VERSION = 5.0;
				TARGETED_DEVICE_FAMILY = "1,2";
			};
			name = Debug;
		};
		032212B82B14AAFF00FF5CF1 /* Release */ = {
			isa = XCBuildConfiguration;
			buildSettings = {
				ASSETCATALOG_COMPILER_APPICON_NAME = AppIcon;
				ASSETCATALOG_COMPILER_GLOBAL_ACCENT_COLOR_NAME = AccentColor;
				CODE_SIGN_STYLE = Automatic;
				CURRENT_PROJECT_VERSION = 1;
				DEVELOPMENT_TEAM = DGT9BQA4KH;
				GENERATE_INFOPLIST_FILE = YES;
				INFOPLIST_FILE = ShallWe/Info.plist;
				INFOPLIST_KEY_UIApplicationSupportsIndirectInputEvents = YES;
				INFOPLIST_KEY_UILaunchStoryboardName = LaunchScreen;
				INFOPLIST_KEY_UISupportedInterfaceOrientations_iPad = "UIInterfaceOrientationPortrait UIInterfaceOrientationPortraitUpsideDown UIInterfaceOrientationLandscapeLeft UIInterfaceOrientationLandscapeRight";
				INFOPLIST_KEY_UISupportedInterfaceOrientations_iPhone = "UIInterfaceOrientationPortrait UIInterfaceOrientationLandscapeLeft UIInterfaceOrientationLandscapeRight";
				IPHONEOS_DEPLOYMENT_TARGET = 16.0;
				LD_RUNPATH_SEARCH_PATHS = (
					"$(inherited)",
					"@executable_path/Frameworks",
				);
				MARKETING_VERSION = 1.0;
				PRODUCT_BUNDLE_IDENTIFIER = kwonjeong.ShallWe;
				PRODUCT_NAME = "$(TARGET_NAME)";
				SWIFT_EMIT_LOC_STRINGS = YES;
				SWIFT_VERSION = 5.0;
				TARGETED_DEVICE_FAMILY = "1,2";
			};
			name = Release;
		};
/* End XCBuildConfiguration section */

/* Begin XCConfigurationList section */
		0322129D2B14AAFD00FF5CF1 /* Build configuration list for PBXProject "ShallWe" */ = {
			isa = XCConfigurationList;
			buildConfigurations = (
				032212B42B14AAFF00FF5CF1 /* Debug */,
				032212B52B14AAFF00FF5CF1 /* Release */,
			);
			defaultConfigurationIsVisible = 0;
			defaultConfigurationName = Release;
		};
		032212B62B14AAFF00FF5CF1 /* Build configuration list for PBXNativeTarget "ShallWe" */ = {
			isa = XCConfigurationList;
			buildConfigurations = (
				032212B72B14AAFF00FF5CF1 /* Debug */,
				032212B82B14AAFF00FF5CF1 /* Release */,
			);
			defaultConfigurationIsVisible = 0;
			defaultConfigurationName = Release;
		};
/* End XCConfigurationList section */

/* Begin XCRemoteSwiftPackageReference section */
		032212B92B14ACF800FF5CF1 /* XCRemoteSwiftPackageReference "SnapKit" */ = {
			isa = XCRemoteSwiftPackageReference;
			repositoryURL = "https://github.com/SnapKit/SnapKit";
			requirement = {
				kind = upToNextMajorVersion;
				minimumVersion = 5.6.0;
			};
		};
		032212BC2B14AD0400FF5CF1 /* XCRemoteSwiftPackageReference "Then" */ = {
			isa = XCRemoteSwiftPackageReference;
			repositoryURL = "https://github.com/devxoul/Then";
			requirement = {
				kind = upToNextMajorVersion;
				minimumVersion = 3.0.0;
			};
		};
		032212BF2B14AD2E00FF5CF1 /* XCRemoteSwiftPackageReference "Kingfisher" */ = {
			isa = XCRemoteSwiftPackageReference;
			repositoryURL = "https://github.com/onevcat/Kingfisher";
			requirement = {
				kind = upToNextMajorVersion;
				minimumVersion = 7.10.0;
			};
		};
		032212C22B14AD4900FF5CF1 /* XCRemoteSwiftPackageReference "Moya" */ = {
			isa = XCRemoteSwiftPackageReference;
			repositoryURL = "https://github.com/Moya/Moya";
			requirement = {
				kind = upToNextMajorVersion;
				minimumVersion = 15.0.3;
			};
		};
		032212C72B14AD6800FF5CF1 /* XCRemoteSwiftPackageReference "RxSwift" */ = {
			isa = XCRemoteSwiftPackageReference;
			repositoryURL = "https://github.com/ReactiveX/RxSwift";
			requirement = {
				kind = upToNextMajorVersion;
				minimumVersion = 6.6.0;
			};
		};
		032212CE2B14AD8200FF5CF1 /* XCRemoteSwiftPackageReference "Alamofire" */ = {
			isa = XCRemoteSwiftPackageReference;
			repositoryURL = "https://github.com/Alamofire/Alamofire";
			requirement = {
				kind = upToNextMajorVersion;
				minimumVersion = 5.8.1;
			};
		};
		032212D12B14AD9000FF5CF1 /* XCRemoteSwiftPackageReference "FSCalendar" */ = {
			isa = XCRemoteSwiftPackageReference;
			repositoryURL = "https://github.com/WenchaoD/FSCalendar";
			requirement = {
				kind = upToNextMajorVersion;
				minimumVersion = 2.8.4;
			};
		};
		032212D42B14AE4100FF5CF1 /* XCRemoteSwiftPackageReference "kakao-ios-sdk" */ = {
			isa = XCRemoteSwiftPackageReference;
			repositoryURL = "https://github.com/kakao/kakao-ios-sdk";
			requirement = {
				kind = upToNextMajorVersion;
				minimumVersion = 2.19.0;
			};
		};
		032212DB2B14AE7600FF5CF1 /* XCRemoteSwiftPackageReference "lottie-ios" */ = {
			isa = XCRemoteSwiftPackageReference;
			repositoryURL = "https://github.com/airbnb/lottie-ios";
			requirement = {
				kind = upToNextMajorVersion;
				minimumVersion = 4.3.3;
			};
		};
		034580932B2F2E34002DDEBA /* XCRemoteSwiftPackageReference "DropDown" */ = {
			isa = XCRemoteSwiftPackageReference;
			repositoryURL = "https://github.com/AssistoLab/DropDown";
			requirement = {
				branch = master;
				kind = branch;
			};
		};
		03C7A6702B459EEB000F1E39 /* XCRemoteSwiftPackageReference "RxGesture" */ = {
			isa = XCRemoteSwiftPackageReference;
			repositoryURL = "https://github.com/RxSwiftCommunity/RxGesture";
			requirement = {
				kind = upToNextMajorVersion;
				minimumVersion = 4.0.4;
			};
		};
/* End XCRemoteSwiftPackageReference section */

/* Begin XCSwiftPackageProductDependency section */
		032212BA2B14ACF800FF5CF1 /* SnapKit */ = {
			isa = XCSwiftPackageProductDependency;
			package = 032212B92B14ACF800FF5CF1 /* XCRemoteSwiftPackageReference "SnapKit" */;
			productName = SnapKit;
		};
		032212BD2B14AD0400FF5CF1 /* Then */ = {
			isa = XCSwiftPackageProductDependency;
			package = 032212BC2B14AD0400FF5CF1 /* XCRemoteSwiftPackageReference "Then" */;
			productName = Then;
		};
		032212C02B14AD2E00FF5CF1 /* Kingfisher */ = {
			isa = XCSwiftPackageProductDependency;
			package = 032212BF2B14AD2E00FF5CF1 /* XCRemoteSwiftPackageReference "Kingfisher" */;
			productName = Kingfisher;
		};
		032212C32B14AD4900FF5CF1 /* Moya */ = {
			isa = XCSwiftPackageProductDependency;
			package = 032212C22B14AD4900FF5CF1 /* XCRemoteSwiftPackageReference "Moya" */;
			productName = Moya;
		};
		032212C52B14AD4900FF5CF1 /* RxMoya */ = {
			isa = XCSwiftPackageProductDependency;
			package = 032212C22B14AD4900FF5CF1 /* XCRemoteSwiftPackageReference "Moya" */;
			productName = RxMoya;
		};
		032212C82B14AD6800FF5CF1 /* RxCocoa */ = {
			isa = XCSwiftPackageProductDependency;
			package = 032212C72B14AD6800FF5CF1 /* XCRemoteSwiftPackageReference "RxSwift" */;
			productName = RxCocoa;
		};
		032212CA2B14AD6800FF5CF1 /* RxRelay */ = {
			isa = XCSwiftPackageProductDependency;
			package = 032212C72B14AD6800FF5CF1 /* XCRemoteSwiftPackageReference "RxSwift" */;
			productName = RxRelay;
		};
		032212CC2B14AD6800FF5CF1 /* RxSwift */ = {
			isa = XCSwiftPackageProductDependency;
			package = 032212C72B14AD6800FF5CF1 /* XCRemoteSwiftPackageReference "RxSwift" */;
			productName = RxSwift;
		};
		032212CF2B14AD8200FF5CF1 /* Alamofire */ = {
			isa = XCSwiftPackageProductDependency;
			package = 032212CE2B14AD8200FF5CF1 /* XCRemoteSwiftPackageReference "Alamofire" */;
			productName = Alamofire;
		};
		032212D22B14AD9000FF5CF1 /* FSCalendar */ = {
			isa = XCSwiftPackageProductDependency;
			package = 032212D12B14AD9000FF5CF1 /* XCRemoteSwiftPackageReference "FSCalendar" */;
			productName = FSCalendar;
		};
		032212D52B14AE4100FF5CF1 /* KakaoSDK */ = {
			isa = XCSwiftPackageProductDependency;
			package = 032212D42B14AE4100FF5CF1 /* XCRemoteSwiftPackageReference "kakao-ios-sdk" */;
			productName = KakaoSDK;
		};
		032212D72B14AE4100FF5CF1 /* KakaoSDKAuth */ = {
			isa = XCSwiftPackageProductDependency;
			package = 032212D42B14AE4100FF5CF1 /* XCRemoteSwiftPackageReference "kakao-ios-sdk" */;
			productName = KakaoSDKAuth;
		};
		032212D92B14AE4100FF5CF1 /* KakaoSDKUser */ = {
			isa = XCSwiftPackageProductDependency;
			package = 032212D42B14AE4100FF5CF1 /* XCRemoteSwiftPackageReference "kakao-ios-sdk" */;
			productName = KakaoSDKUser;
		};
		032212DC2B14AE7600FF5CF1 /* Lottie */ = {
			isa = XCSwiftPackageProductDependency;
			package = 032212DB2B14AE7600FF5CF1 /* XCRemoteSwiftPackageReference "lottie-ios" */;
			productName = Lottie;
		};
		034580942B2F356C002DDEBA /* DropDown */ = {
			isa = XCSwiftPackageProductDependency;
			package = 034580932B2F2E34002DDEBA /* XCRemoteSwiftPackageReference "DropDown" */;
			productName = DropDown;
		};
		03C7A6712B459EEB000F1E39 /* RxGesture */ = {
			isa = XCSwiftPackageProductDependency;
			package = 03C7A6702B459EEB000F1E39 /* XCRemoteSwiftPackageReference "RxGesture" */;
			productName = RxGesture;
		};
/* End XCSwiftPackageProductDependency section */
	};
	rootObject = 0322129A2B14AAFD00FF5CF1 /* Project object */;
}
